// !$*UTF8*$!
{
	archiveVersion = 1;
	classes = {
	};
	objectVersion = 54;
	objects = {

/* Begin PBXBuildFile section */
		5601D7AF25E0E8D100993D31 /* MainCoordinator.swift in Sources */ = {isa = PBXBuildFile; fileRef = 5601D7AE25E0E8D100993D31 /* MainCoordinator.swift */; };
		5601D7B325E0E8DB00993D31 /* Coordinator.swift in Sources */ = {isa = PBXBuildFile; fileRef = 5601D7B225E0E8DB00993D31 /* Coordinator.swift */; };
		5601D7D125E10A8700993D31 /* AddServerCoordinator.swift in Sources */ = {isa = PBXBuildFile; fileRef = 5601D7D025E10A8700993D31 /* AddServerCoordinator.swift */; };
		5601D7F625E3199400993D31 /* UIApplication+AppVersion.swift in Sources */ = {isa = PBXBuildFile; fileRef = 5601D7F525E3199400993D31 /* UIApplication+AppVersion.swift */; };
		5601D7FC25E31A5500993D31 /* UIActivityIndicatorView+Activate-Deactivate.swift in Sources */ = {isa = PBXBuildFile; fileRef = 5601D7FB25E31A5500993D31 /* UIActivityIndicatorView+Activate-Deactivate.swift */; };
		5601D80225E31AA000993D31 /* WKWebView+Cookies.swift in Sources */ = {isa = PBXBuildFile; fileRef = 5601D80125E31AA000993D31 /* WKWebView+Cookies.swift */; };
		5601D80625E31C4900993D31 /* String+Localized.swift in Sources */ = {isa = PBXBuildFile; fileRef = 5601D80525E31C4900993D31 /* String+Localized.swift */; };
		560547D72E3938E600B8649C /* SystemVersion.swift in Sources */ = {isa = PBXBuildFile; fileRef = 560547D62E3938E600B8649C /* SystemVersion.swift */; };
		5609385D2D5F816000DEAF40 /* StatsSection.swift in Sources */ = {isa = PBXBuildFile; fileRef = 5609385C2D5F816000DEAF40 /* StatsSection.swift */; };
		560938712D63269200DEAF40 /* TextFieldDelegate.swift in Sources */ = {isa = PBXBuildFile; fileRef = 560938702D63269200DEAF40 /* TextFieldDelegate.swift */; };
		560938762D63271400DEAF40 /* AuthenticationDataSource.swift in Sources */ = {isa = PBXBuildFile; fileRef = 560938752D63271400DEAF40 /* AuthenticationDataSource.swift */; };
		560AC3EE2E51177B00FFE3B5 /* SFSymbol.swift in Sources */ = {isa = PBXBuildFile; fileRef = 560AC3ED2E51177A00FFE3B5 /* SFSymbol.swift */; };
		561B989225A85C2D00A8FE6D /* ServerStats.swift in Sources */ = {isa = PBXBuildFile; fileRef = 561B989125A85C2D00A8FE6D /* ServerStats.swift */; };
		561B989825A85C9E00A8FE6D /* AuthenticationObject.swift in Sources */ = {isa = PBXBuildFile; fileRef = 561B989725A85C9E00A8FE6D /* AuthenticationObject.swift */; };
		562043CE27A5E659002D45E1 /* NSMutableAttributedString+SFSymbols.swift in Sources */ = {isa = PBXBuildFile; fileRef = 562043CD27A5E659002D45E1 /* NSMutableAttributedString+SFSymbols.swift */; };
		562C25902CB9F631001BF067 /* ServiceMethod.swift in Sources */ = {isa = PBXBuildFile; fileRef = 562C258C2CB9F631001BF067 /* ServiceMethod.swift */; };
		562C25912CB9F631001BF067 /* HeaderKeyValue.swift in Sources */ = {isa = PBXBuildFile; fileRef = 562C25892CB9F631001BF067 /* HeaderKeyValue.swift */; };
		562C25922CB9F631001BF067 /* APIManagerError.swift in Sources */ = {isa = PBXBuildFile; fileRef = 562C25872CB9F631001BF067 /* APIManagerError.swift */; };
		562C25942CB9F631001BF067 /* URLRequest+Headers.swift in Sources */ = {isa = PBXBuildFile; fileRef = 562C258D2CB9F631001BF067 /* URLRequest+Headers.swift */; };
		562C25952CB9F631001BF067 /* Managable.swift in Sources */ = {isa = PBXBuildFile; fileRef = 562C258B2CB9F631001BF067 /* Managable.swift */; };
		562C25962CB9F631001BF067 /* APIManager.swift in Sources */ = {isa = PBXBuildFile; fileRef = 562C25862CB9F631001BF067 /* APIManager.swift */; };
		562C25982CB9F631001BF067 /* ServiceMethod.swift in Sources */ = {isa = PBXBuildFile; fileRef = 562C258C2CB9F631001BF067 /* ServiceMethod.swift */; };
		562C25992CB9F631001BF067 /* HeaderKeyValue.swift in Sources */ = {isa = PBXBuildFile; fileRef = 562C25892CB9F631001BF067 /* HeaderKeyValue.swift */; };
		562C259A2CB9F631001BF067 /* APIManagerError.swift in Sources */ = {isa = PBXBuildFile; fileRef = 562C25872CB9F631001BF067 /* APIManagerError.swift */; };
		562C259C2CB9F631001BF067 /* URLRequest+Headers.swift in Sources */ = {isa = PBXBuildFile; fileRef = 562C258D2CB9F631001BF067 /* URLRequest+Headers.swift */; };
		562C259D2CB9F631001BF067 /* Managable.swift in Sources */ = {isa = PBXBuildFile; fileRef = 562C258B2CB9F631001BF067 /* Managable.swift */; };
		562C259E2CB9F631001BF067 /* APIManager.swift in Sources */ = {isa = PBXBuildFile; fileRef = 562C25862CB9F631001BF067 /* APIManager.swift */; };
		562C25A22CB9F6C0001BF067 /* NextcloudService.swift in Sources */ = {isa = PBXBuildFile; fileRef = 562C25A12CB9F6C0001BF067 /* NextcloudService.swift */; };
		562ED27A26B5D8E800E4E1C5 /* UserDetailsViewController.swift in Sources */ = {isa = PBXBuildFile; fileRef = 562ED27926B5D8E800E4E1C5 /* UserDetailsViewController.swift */; };
		562ED27C26B5E9B100E4E1C5 /* User.swift in Sources */ = {isa = PBXBuildFile; fileRef = 562ED27B26B5E9B100E4E1C5 /* User.swift */; };
		56320CD326A838C10099C7EA /* MenuBuilder.swift in Sources */ = {isa = PBXBuildFile; fileRef = 56320CD226A838C10099C7EA /* MenuBuilder.swift */; };
		5634EC3B2B6C4D8D00468AC0 /* NXUserFormatter.swift in Sources */ = {isa = PBXBuildFile; fileRef = 5634EC3A2B6C4D8D00468AC0 /* NXUserFormatter.swift */; };
		563998C62BC9894D0086CEE5 /* hydrogen.json in Resources */ = {isa = PBXBuildFile; fileRef = 563998C52BC9894D0086CEE5 /* hydrogen.json */; };
		563D542E2D0FAAEF00382FF8 /* URL+AppendingPathComponentSafely.swift in Sources */ = {isa = PBXBuildFile; fileRef = 563D542D2D0FAAEF00382FF8 /* URL+AppendingPathComponentSafely.swift */; };
		5646D68923CE0F750047876A /* ServerViewController.swift in Sources */ = {isa = PBXBuildFile; fileRef = 5646D68823CE0F750047876A /* ServerViewController.swift */; };
		5647A6412BA3FE77000D51F7 /* NewUser.swift in Sources */ = {isa = PBXBuildFile; fileRef = 5647A6402BA3FE77000D51F7 /* NewUser.swift */; };
		5647A6442BA4023A000D51F7 /* Groups.swift in Sources */ = {isa = PBXBuildFile; fileRef = 5647A6432BA4023A000D51F7 /* Groups.swift */; };
		5647A6462BA4CD4B000D51F7 /* NewUserViewController.swift in Sources */ = {isa = PBXBuildFile; fileRef = 5647A6452BA4CD4B000D51F7 /* NewUserViewController.swift */; };
		5647A6482BA4D8EF000D51F7 /* String+Extensions.swift in Sources */ = {isa = PBXBuildFile; fileRef = 5647A6472BA4D8EF000D51F7 /* String+Extensions.swift */; };
		564E5D412E02C11E007F9747 /* ErrorPresentor.swift in Sources */ = {isa = PBXBuildFile; fileRef = 564E5D402E02C11E007F9747 /* ErrorPresentor.swift */; };
		564EAE092558CEA80090AFBB /* InfoViewController.swift in Sources */ = {isa = PBXBuildFile; fileRef = 564EAE082558CEA80090AFBB /* InfoViewController.swift */; };
		5650A6F3267C03E4008A1BDB /* NXDataManagerDelegate.swift in Sources */ = {isa = PBXBuildFile; fileRef = 5650A6F2267C03E4008A1BDB /* NXDataManagerDelegate.swift */; };
		565130D9268BD7D3008FE8D4 /* Units.swift in Sources */ = {isa = PBXBuildFile; fileRef = 565130D8268BD7D3008FE8D4 /* Units.swift */; };
		5652A2F527647FE90050F5EB /* LoginObject.swift in Sources */ = {isa = PBXBuildFile; fileRef = 5652A2F427647FE90050F5EB /* LoginObject.swift */; };
		5652A2F7276489AE0050F5EB /* NXAuthenticator.swift in Sources */ = {isa = PBXBuildFile; fileRef = 5652A2F6276489AE0050F5EB /* NXAuthenticator.swift */; };
		56557EE423C8B09A008CF684 /* AppDelegate.swift in Sources */ = {isa = PBXBuildFile; fileRef = 56557EE323C8B09A008CF684 /* AppDelegate.swift */; };
		56557EE623C8B09A008CF684 /* SceneDelegate.swift in Sources */ = {isa = PBXBuildFile; fileRef = 56557EE523C8B09A008CF684 /* SceneDelegate.swift */; };
		56557EE823C8B09A008CF684 /* AddServerViewController.swift in Sources */ = {isa = PBXBuildFile; fileRef = 56557EE723C8B09A008CF684 /* AddServerViewController.swift */; };
		56557EED23C8B09C008CF684 /* Assets.xcassets in Resources */ = {isa = PBXBuildFile; fileRef = 56557EEC23C8B09C008CF684 /* Assets.xcassets */; };
		56557EF023C8B09C008CF684 /* LaunchScreen.storyboard in Resources */ = {isa = PBXBuildFile; fileRef = 56557EEE23C8B09C008CF684 /* LaunchScreen.storyboard */; };
		56557F0023CA89B9008CF684 /* StatsViewController.swift in Sources */ = {isa = PBXBuildFile; fileRef = 56557EFF23CA89B9008CF684 /* StatsViewController.swift */; };
		565975BB25567DF70043C007 /* NextStatsTests.swift in Sources */ = {isa = PBXBuildFile; fileRef = 565975BA25567DF70043C007 /* NextStatsTests.swift */; };
		565975C525567ECB0043C007 /* test.json in Resources */ = {isa = PBXBuildFile; fileRef = 565975C425567ECB0043C007 /* test.json */; };
		565975C9255680130043C007 /* working.json in Resources */ = {isa = PBXBuildFile; fileRef = 565975C8255680130043C007 /* working.json */; };
		565CDC0825E612C900028EA9 /* InfoCoordinator.swift in Sources */ = {isa = PBXBuildFile; fileRef = 565CDC0725E612C900028EA9 /* InfoCoordinator.swift */; };
		565EFE672BB6007500100D94 /* NewUserStatusCode.swift in Sources */ = {isa = PBXBuildFile; fileRef = 565EFE662BB6007500100D94 /* NewUserStatusCode.swift */; };
		565EFE692BB6175C00100D94 /* NXUserFactoryDelegate.swift in Sources */ = {isa = PBXBuildFile; fileRef = 565EFE682BB6175C00100D94 /* NXUserFactoryDelegate.swift */; };
		565EFE712BB7366700100D94 /* MainCoordinator+NXServerManagerDelegate.swift in Sources */ = {isa = PBXBuildFile; fileRef = 565EFE702BB7366700100D94 /* MainCoordinator+NXServerManagerDelegate.swift */; };
		566353712E6CA45400918EDA /* UINavigationBar+ApplyTheme.swift in Sources */ = {isa = PBXBuildFile; fileRef = 566353702E6CA45400918EDA /* UINavigationBar+ApplyTheme.swift */; };
		566353732E6CAA4500918EDA /* LoadingBarButtonItem.swift in Sources */ = {isa = PBXBuildFile; fileRef = 566353722E6CAA4500918EDA /* LoadingBarButtonItem.swift */; };
		5671B6932B639D950026E4A0 /* ProgressCell.swift in Sources */ = {isa = PBXBuildFile; fileRef = 5671B6922B639D950026E4A0 /* ProgressCell.swift */; };
		567AF08D2E7329E500BEFF8B /* AppIcon.swift in Sources */ = {isa = PBXBuildFile; fileRef = 567AF08C2E7329E500BEFF8B /* AppIcon.swift */; };
		567BF629258ACD60000E64D9 /* WebViewController.swift in Sources */ = {isa = PBXBuildFile; fileRef = 56557EF923CA6E89008CF684 /* WebViewController.swift */; };
		567BF637258ADE5D000E64D9 /* Localizable.strings in Resources */ = {isa = PBXBuildFile; fileRef = 567BF639258ADE5D000E64D9 /* Localizable.strings */; };
		567D82562BA7A710007BF135 /* NewUserCoordinator.swift in Sources */ = {isa = PBXBuildFile; fileRef = 567D82552BA7A710007BF135 /* NewUserCoordinator.swift */; };
		567D82612BAA18C4007BF135 /* NXUserFactory.swift in Sources */ = {isa = PBXBuildFile; fileRef = 567D82602BAA18C4007BF135 /* NXUserFactory.swift */; };
		567D82652BB1305D007BF135 /* SelectionViewController.swift in Sources */ = {isa = PBXBuildFile; fileRef = 567D82642BB1305D007BF135 /* SelectionViewController.swift */; };
		567D82672BB14500007BF135 /* NewUserCoordinator+SelectionViewDelegate.swift in Sources */ = {isa = PBXBuildFile; fileRef = 567D82662BB14500007BF135 /* NewUserCoordinator+SelectionViewDelegate.swift */; };
		567D82692BB1B2A4007BF135 /* QuotaType.swift in Sources */ = {isa = PBXBuildFile; fileRef = 567D82682BB1B2A4007BF135 /* QuotaType.swift */; };
		5689895023D4CF9F00D13B12 /* KeychainWrapper.swift in Sources */ = {isa = PBXBuildFile; fileRef = 5689894F23D4CF9F00D13B12 /* KeychainWrapper.swift */; };
		5689895223D4CFC300D13B12 /* KeychainItemAccessibility.swift in Sources */ = {isa = PBXBuildFile; fileRef = 5689895123D4CFC300D13B12 /* KeychainItemAccessibility.swift */; };
		5695048426A0DD1100FB2F78 /* UIToolbar+ConfigureAppearance.swift in Sources */ = {isa = PBXBuildFile; fileRef = 5695048326A0DD1100FB2F78 /* UIToolbar+ConfigureAppearance.swift */; };
		5698BF082E09DA110029DDC5 /* StatisticsDataSource.swift in Sources */ = {isa = PBXBuildFile; fileRef = 5698BF072E09DA110029DDC5 /* StatisticsDataSource.swift */; };
		569EBB0D2ADBBCDA00BE5985 /* UserCellModel.swift in Sources */ = {isa = PBXBuildFile; fileRef = 569EBB0C2ADBBCDA00BE5985 /* UserCellModel.swift */; };
		569EBB0F2ADBC15900BE5985 /* UserCell.swift in Sources */ = {isa = PBXBuildFile; fileRef = 569EBB0E2ADBC15900BE5985 /* UserCell.swift */; };
		569EC31F25B4F7F600B955EC /* InfoHeaderView.swift in Sources */ = {isa = PBXBuildFile; fileRef = 569EC31E25B4F7F600B955EC /* InfoHeaderView.swift */; };
		569F2C7526AAF61A001122F2 /* XMLStackParser.swift in Sources */ = {isa = PBXBuildFile; fileRef = 569F2C6726AAF61A001122F2 /* XMLStackParser.swift */; };
		569F2C7626AAF61A001122F2 /* XMLReferencingEncoder.swift in Sources */ = {isa = PBXBuildFile; fileRef = 569F2C6926AAF61A001122F2 /* XMLReferencingEncoder.swift */; };
		569F2C7726AAF61A001122F2 /* EncodingErrorExtension.swift in Sources */ = {isa = PBXBuildFile; fileRef = 569F2C6A26AAF61A001122F2 /* EncodingErrorExtension.swift */; };
		569F2C7826AAF61A001122F2 /* XMLEncoder.swift in Sources */ = {isa = PBXBuildFile; fileRef = 569F2C6B26AAF61A001122F2 /* XMLEncoder.swift */; };
		569F2C7926AAF61A001122F2 /* XMLEncodingStorage.swift in Sources */ = {isa = PBXBuildFile; fileRef = 569F2C6C26AAF61A001122F2 /* XMLEncodingStorage.swift */; };
		569F2C7A26AAF61A001122F2 /* DecodingErrorExtension.swift in Sources */ = {isa = PBXBuildFile; fileRef = 569F2C6E26AAF61A001122F2 /* DecodingErrorExtension.swift */; };
		569F2C7B26AAF61A001122F2 /* XMLUnkeyedDecodingContainer.swift in Sources */ = {isa = PBXBuildFile; fileRef = 569F2C6F26AAF61A001122F2 /* XMLUnkeyedDecodingContainer.swift */; };
		569F2C7C26AAF61A001122F2 /* XMLKeyedDecodingContainer.swift in Sources */ = {isa = PBXBuildFile; fileRef = 569F2C7026AAF61A001122F2 /* XMLKeyedDecodingContainer.swift */; };
		569F2C7D26AAF61A001122F2 /* XMLDecodingStorage.swift in Sources */ = {isa = PBXBuildFile; fileRef = 569F2C7126AAF61A001122F2 /* XMLDecodingStorage.swift */; };
		569F2C7E26AAF61A001122F2 /* XMLDecoder.swift in Sources */ = {isa = PBXBuildFile; fileRef = 569F2C7226AAF61A001122F2 /* XMLDecoder.swift */; };
		569F2C7F26AAF61A001122F2 /* ISO8601DateFormatter.swift in Sources */ = {isa = PBXBuildFile; fileRef = 569F2C7326AAF61A001122F2 /* ISO8601DateFormatter.swift */; };
		569F2C8026AAF61A001122F2 /* XMLKey.swift in Sources */ = {isa = PBXBuildFile; fileRef = 569F2C7426AAF61A001122F2 /* XMLKey.swift */; };
		569F2C9D26AB22B0001122F2 /* UsersViewController.swift in Sources */ = {isa = PBXBuildFile; fileRef = 569F2C9C26AB22B0001122F2 /* UsersViewController.swift */; };
		569F2CA126AB2358001122F2 /* UsersCoordinator.swift in Sources */ = {isa = PBXBuildFile; fileRef = 569F2CA026AB2358001122F2 /* UsersCoordinator.swift */; };
		569F2CA626AC2EB5001122F2 /* Users.swift in Sources */ = {isa = PBXBuildFile; fileRef = 569F2CA526AC2EB5001122F2 /* Users.swift */; };
		569F2CA826AC34D7001122F2 /* NXUsersManager.swift in Sources */ = {isa = PBXBuildFile; fileRef = 569F2CA726AC34D7001122F2 /* NXUsersManager.swift */; };
		56A3188F2772804B00EAF1F2 /* NXStatsManager.swift in Sources */ = {isa = PBXBuildFile; fileRef = 56A3188E2772804B00EAF1F2 /* NXStatsManager.swift */; };
		56A56EC42563C5A3005A6D18 /* InfoDataManager.swift in Sources */ = {isa = PBXBuildFile; fileRef = 56A56EC32563C5A3005A6D18 /* InfoDataManager.swift */; };
		56AAA3D32D5B4D48009DC223 /* InfoSection.swift in Sources */ = {isa = PBXBuildFile; fileRef = 56AAA3D22D5B4D48009DC223 /* InfoSection.swift */; };
		56AAA3D52D5B579F009DC223 /* UserSection.swift in Sources */ = {isa = PBXBuildFile; fileRef = 56AAA3D42D5B579F009DC223 /* UserSection.swift */; };
		56AAA3D82D5B78C8009DC223 /* NewUserSection.swift in Sources */ = {isa = PBXBuildFile; fileRef = 56AAA3D72D5B78C8009DC223 /* NewUserSection.swift */; };
		56AAA3DA2D5E18FE009DC223 /* UIView+BlurView.swift in Sources */ = {isa = PBXBuildFile; fileRef = 56AAA3D92D5E18FE009DC223 /* UIView+BlurView.swift */; };
		56AAA3DC2D5E19AA009DC223 /* BaseTableViewCell.swift in Sources */ = {isa = PBXBuildFile; fileRef = 56AAA3DB2D5E19AA009DC223 /* BaseTableViewCell.swift */; };
		56B1413F267E7236002D66D8 /* Endpoint.swift in Sources */ = {isa = PBXBuildFile; fileRef = 56B1413E267E7236002D66D8 /* Endpoint.swift */; };
		56B17E1123D681A9007C33B2 /* ServerCell.swift in Sources */ = {isa = PBXBuildFile; fileRef = 56B17E1023D681A9007C33B2 /* ServerCell.swift */; };
		56B55E3F2E15D814006578DF /* _XMLDecoder.swift in Sources */ = {isa = PBXBuildFile; fileRef = 56B55E3E2E15D814006578DF /* _XMLDecoder.swift */; };
		56B55E412E15D892006578DF /* _XMLDecoder+SingleValueDecodingContainer.swift in Sources */ = {isa = PBXBuildFile; fileRef = 56B55E402E15D892006578DF /* _XMLDecoder+SingleValueDecodingContainer.swift */; };
		56B55E482E15DABB006578DF /* String+Escape.swift in Sources */ = {isa = PBXBuildFile; fileRef = 56B55E472E15DABB006578DF /* String+Escape.swift */; };
		56B597A62CEDE0000060B42B /* UsersCoordinator+ErrorHandling.swift in Sources */ = {isa = PBXBuildFile; fileRef = 56B597A52CEDE0000060B42B /* UsersCoordinator+ErrorHandling.swift */; };
		56B597AA2CEDE2D10060B42B /* StatsViewController+ErrorHandling.swift in Sources */ = {isa = PBXBuildFile; fileRef = 56B597A92CEDE2D10060B42B /* StatsViewController+ErrorHandling.swift */; };
		56B9831D2E6E00D800AC8B8D /* AppIcon.icon in Resources */ = {isa = PBXBuildFile; fileRef = 56B9831C2E6E00D800AC8B8D /* AppIcon.icon */; };
		56BB28E626A79A0A00F0D8DC /* ToolbarDelegate.swift in Sources */ = {isa = PBXBuildFile; fileRef = 56BB28E526A79A0A00F0D8DC /* ToolbarDelegate.swift */; };
		56BCF6B42487CA8D0048B991 /* NXServerManager.swift in Sources */ = {isa = PBXBuildFile; fileRef = 56BCF6B32487CA8D0048B991 /* NXServerManager.swift */; };
		56C1840C26C1A9A100992B35 /* NXServerManagerDelegate.swift in Sources */ = {isa = PBXBuildFile; fileRef = 56C1840B26C1A9A100992B35 /* NXServerManagerDelegate.swift */; };
		56C31270269109CB0077B40D /* String+Keys.swift in Sources */ = {isa = PBXBuildFile; fileRef = 56C3126F269109CB0077B40D /* String+Keys.swift */; };
		56C632E62BB8D1F6007B2032 /* UsersManagerDelegate.swift in Sources */ = {isa = PBXBuildFile; fileRef = 56C632E52BB8D1F6007B2032 /* UsersManagerDelegate.swift */; };
		56C781A62AD7DF2200872988 /* TextFieldFactory.swift in Sources */ = {isa = PBXBuildFile; fileRef = 56C781A52AD7DF2200872988 /* TextFieldFactory.swift */; };
		56C781A82AD8957200872988 /* AddServerHeaderView.swift in Sources */ = {isa = PBXBuildFile; fileRef = 56C781A72AD8957200872988 /* AddServerHeaderView.swift */; };
		56C959702655E42F00BD3B06 /* InputCell.swift in Sources */ = {isa = PBXBuildFile; fileRef = 56C9596F2655E42F00BD3B06 /* InputCell.swift */; };
		56D3442C2CEC61B200A5933B /* GenericResponse.swift in Sources */ = {isa = PBXBuildFile; fileRef = 56D3442B2CEC61B200A5933B /* GenericResponse.swift */; };
		56D3442E2CEC8C2900A5933B /* ToggleType.swift in Sources */ = {isa = PBXBuildFile; fileRef = 56D3442D2CEC8C2900A5933B /* ToggleType.swift */; };
		56D4ACE92BB9DD5E00C640EB /* PrivacyInfo.xcprivacy in Resources */ = {isa = PBXBuildFile; fileRef = 56D4ACE82BB9DD5E00C640EB /* PrivacyInfo.xcprivacy */; };
		56D557FF2D46C28F0027A1FB /* BaseDataManager.swift in Sources */ = {isa = PBXBuildFile; fileRef = 56D557FE2D46C28F0027A1FB /* BaseDataManager.swift */; };
		56D558012D46C2EB0027A1FB /* DataManagerDelegate.swift in Sources */ = {isa = PBXBuildFile; fileRef = 56D558002D46C2EB0027A1FB /* DataManagerDelegate.swift */; };
		56DBC1372932EFC1002A306B /* NXAuthenticationDelegate.swift in Sources */ = {isa = PBXBuildFile; fileRef = 56DBC1362932EFC1002A306B /* NXAuthenticationDelegate.swift */; };
		56E0AD7F26ADA20C0090ACB6 /* LoadingViewController.swift in Sources */ = {isa = PBXBuildFile; fileRef = 56E0AD7E26ADA20C0090ACB6 /* LoadingViewController.swift */; };
		56E0AD8126ADA4360090ACB6 /* UIViewController+Child.swift in Sources */ = {isa = PBXBuildFile; fileRef = 56E0AD8026ADA4360090ACB6 /* UIViewController+Child.swift */; };
		56E0AD8426ADABA90090ACB6 /* SelectServerViewController.swift in Sources */ = {isa = PBXBuildFile; fileRef = 56E0AD8326ADABA90090ACB6 /* SelectServerViewController.swift */; };
		56E0AD8626ADC0180090ACB6 /* NoServersViewController.swift in Sources */ = {isa = PBXBuildFile; fileRef = 56E0AD8526ADC0180090ACB6 /* NoServersViewController.swift */; };
		56E6834126B245A800C1E17C /* IAP Helper.swift in Sources */ = {isa = PBXBuildFile; fileRef = 56E6834026B245A800C1E17C /* IAP Helper.swift */; };
		56E6834326B245AF00C1E17C /* NextStats Products.swift in Sources */ = {isa = PBXBuildFile; fileRef = 56E6834226B245AF00C1E17C /* NextStats Products.swift */; };
		56E86F192D6BE8CE0067D245 /* SelectionType.swift in Sources */ = {isa = PBXBuildFile; fileRef = 56E86F182D6BE8CE0067D245 /* SelectionType.swift */; };
		56EFB6CE2BF5DEEF004F6A53 /* WipeObject.swift in Sources */ = {isa = PBXBuildFile; fileRef = 56EFB6CD2BF5DEEF004F6A53 /* WipeObject.swift */; };
		56F1C6812D53606300EA03BD /* BaseViewController.swift in Sources */ = {isa = PBXBuildFile; fileRef = 56F1C6802D53606300EA03BD /* BaseViewController.swift */; };
		56F23EDA2E0E558D00B3052B /* TitledSection.swift in Sources */ = {isa = PBXBuildFile; fileRef = 56F23ED92E0E558D00B3052B /* TitledSection.swift */; };
		56F23EDC2E0E55A300B3052B /* SystemRow.swift in Sources */ = {isa = PBXBuildFile; fileRef = 56F23EDB2E0E55A300B3052B /* SystemRow.swift */; };
		56F23EDE2E0E561800B3052B /* MemoryRow.swift in Sources */ = {isa = PBXBuildFile; fileRef = 56F23EDD2E0E561800B3052B /* MemoryRow.swift */; };
		56F23EE02E0E567200B3052B /* StorageRow.swift in Sources */ = {isa = PBXBuildFile; fileRef = 56F23EDF2E0E567200B3052B /* StorageRow.swift */; };
		56F23EE22E0E56AD00B3052B /* ActivityRow.swift in Sources */ = {isa = PBXBuildFile; fileRef = 56F23EE12E0E56AD00B3052B /* ActivityRow.swift */; };
		56F23EE52E0E594400B3052B /* TableSection.swift in Sources */ = {isa = PBXBuildFile; fileRef = 56F23EE42E0E594400B3052B /* TableSection.swift */; };
		56F23EE72E0E595200B3052B /* TableRow.swift in Sources */ = {isa = PBXBuildFile; fileRef = 56F23EE62E0E595200B3052B /* TableRow.swift */; };
		56F23EE92E0E595F00B3052B /* ProgressCellData.swift in Sources */ = {isa = PBXBuildFile; fileRef = 56F23EE82E0E595F00B3052B /* ProgressCellData.swift */; };
		56F23EEC2E0E686100B3052B /* BaseDataSource.swift in Sources */ = {isa = PBXBuildFile; fileRef = 56F23EEB2E0E686100B3052B /* BaseDataSource.swift */; };
		56F23EEE2E0E694200B3052B /* BaseTableViewController.swift in Sources */ = {isa = PBXBuildFile; fileRef = 56F23EED2E0E694200B3052B /* BaseTableViewController.swift */; };
		56F23FA92E11203600B3052B /* GenericCell.swift in Sources */ = {isa = PBXBuildFile; fileRef = 56F23FA82E11203600B3052B /* GenericCell.swift */; };
		56F7A19E26A98857004B0C5F /* ServerHeaderView.swift in Sources */ = {isa = PBXBuildFile; fileRef = 56F7A19D26A98857004B0C5F /* ServerHeaderView.swift */; };
		56F7F8F424D78C9E00C667E4 /* NextServer.swift in Sources */ = {isa = PBXBuildFile; fileRef = 56F7F8F324D78C9E00C667E4 /* NextServer.swift */; };
		56F90C1427AD107F00C39C69 /* StatsViewController+MenuActions.swift in Sources */ = {isa = PBXBuildFile; fileRef = 56F90C1327AD107F00C39C69 /* StatsViewController+MenuActions.swift */; };
		56FE82DB2D6362DC001E2294 /* NewUserDataSource.swift in Sources */ = {isa = PBXBuildFile; fileRef = 56FE82DA2D6362DC001E2294 /* NewUserDataSource.swift */; };
		56FE82DE2D63653A001E2294 /* LoginItem.swift in Sources */ = {isa = PBXBuildFile; fileRef = 56FE82DD2D63653A001E2294 /* LoginItem.swift */; };
		56FE82E02D637D27001E2294 /* ServerDataSource.swift in Sources */ = {isa = PBXBuildFile; fileRef = 56FE82DF2D637D27001E2294 /* ServerDataSource.swift */; };
		56FE82E22D65D5CA001E2294 /* UsersDataSource.swift in Sources */ = {isa = PBXBuildFile; fileRef = 56FE82E12D65D5CA001E2294 /* UsersDataSource.swift */; };
/* End PBXBuildFile section */

/* Begin PBXContainerItemProxy section */
		565975BD25567DF70043C007 /* PBXContainerItemProxy */ = {
			isa = PBXContainerItemProxy;
			containerPortal = 56557ED823C8B09A008CF684 /* Project object */;
			proxyType = 1;
			remoteGlobalIDString = 56557EDF23C8B09A008CF684;
			remoteInfo = NextStats;
		};
/* End PBXContainerItemProxy section */

/* Begin PBXFileReference section */
		3B5D893F25BB3385003CB80E /* fr */ = {isa = PBXFileReference; lastKnownFileType = text.plist.strings; name = fr; path = fr.lproj/Localizable.strings; sourceTree = "<group>"; };
		5601D7AE25E0E8D100993D31 /* MainCoordinator.swift */ = {isa = PBXFileReference; lastKnownFileType = sourcecode.swift; path = MainCoordinator.swift; sourceTree = "<group>"; };
		5601D7B225E0E8DB00993D31 /* Coordinator.swift */ = {isa = PBXFileReference; lastKnownFileType = sourcecode.swift; path = Coordinator.swift; sourceTree = "<group>"; };
		5601D7D025E10A8700993D31 /* AddServerCoordinator.swift */ = {isa = PBXFileReference; lastKnownFileType = sourcecode.swift; path = AddServerCoordinator.swift; sourceTree = "<group>"; };
		5601D7F525E3199400993D31 /* UIApplication+AppVersion.swift */ = {isa = PBXFileReference; lastKnownFileType = sourcecode.swift; path = "UIApplication+AppVersion.swift"; sourceTree = "<group>"; };
		5601D7FB25E31A5500993D31 /* UIActivityIndicatorView+Activate-Deactivate.swift */ = {isa = PBXFileReference; lastKnownFileType = sourcecode.swift; path = "UIActivityIndicatorView+Activate-Deactivate.swift"; sourceTree = "<group>"; };
		5601D80125E31AA000993D31 /* WKWebView+Cookies.swift */ = {isa = PBXFileReference; lastKnownFileType = sourcecode.swift; path = "WKWebView+Cookies.swift"; sourceTree = "<group>"; };
		5601D80525E31C4900993D31 /* String+Localized.swift */ = {isa = PBXFileReference; lastKnownFileType = sourcecode.swift; path = "String+Localized.swift"; sourceTree = "<group>"; };
		560547D62E3938E600B8649C /* SystemVersion.swift */ = {isa = PBXFileReference; lastKnownFileType = sourcecode.swift; path = SystemVersion.swift; sourceTree = "<group>"; };
		5609385C2D5F816000DEAF40 /* StatsSection.swift */ = {isa = PBXFileReference; lastKnownFileType = sourcecode.swift; path = StatsSection.swift; sourceTree = "<group>"; };
		560938702D63269200DEAF40 /* TextFieldDelegate.swift */ = {isa = PBXFileReference; lastKnownFileType = sourcecode.swift; path = TextFieldDelegate.swift; sourceTree = "<group>"; };
		560938752D63271400DEAF40 /* AuthenticationDataSource.swift */ = {isa = PBXFileReference; lastKnownFileType = sourcecode.swift; path = AuthenticationDataSource.swift; sourceTree = "<group>"; };
		560AC3ED2E51177A00FFE3B5 /* SFSymbol.swift */ = {isa = PBXFileReference; lastKnownFileType = sourcecode.swift; path = SFSymbol.swift; sourceTree = "<group>"; };
		5610C2C2268F0E00003F2335 /* tr */ = {isa = PBXFileReference; lastKnownFileType = text.plist.strings; name = tr; path = tr.lproj/Localizable.strings; sourceTree = "<group>"; };
		561B989125A85C2D00A8FE6D /* ServerStats.swift */ = {isa = PBXFileReference; lastKnownFileType = sourcecode.swift; path = ServerStats.swift; sourceTree = "<group>"; };
		561B989725A85C9E00A8FE6D /* AuthenticationObject.swift */ = {isa = PBXFileReference; lastKnownFileType = sourcecode.swift; path = AuthenticationObject.swift; sourceTree = "<group>"; };
		562043CD27A5E659002D45E1 /* NSMutableAttributedString+SFSymbols.swift */ = {isa = PBXFileReference; lastKnownFileType = sourcecode.swift; path = "NSMutableAttributedString+SFSymbols.swift"; sourceTree = "<group>"; };
		562C25862CB9F631001BF067 /* APIManager.swift */ = {isa = PBXFileReference; lastKnownFileType = sourcecode.swift; path = APIManager.swift; sourceTree = "<group>"; };
		562C25872CB9F631001BF067 /* APIManagerError.swift */ = {isa = PBXFileReference; lastKnownFileType = sourcecode.swift; path = APIManagerError.swift; sourceTree = "<group>"; };
		562C25892CB9F631001BF067 /* HeaderKeyValue.swift */ = {isa = PBXFileReference; lastKnownFileType = sourcecode.swift; path = HeaderKeyValue.swift; sourceTree = "<group>"; };
		562C258B2CB9F631001BF067 /* Managable.swift */ = {isa = PBXFileReference; lastKnownFileType = sourcecode.swift; path = Managable.swift; sourceTree = "<group>"; };
		562C258C2CB9F631001BF067 /* ServiceMethod.swift */ = {isa = PBXFileReference; lastKnownFileType = sourcecode.swift; path = ServiceMethod.swift; sourceTree = "<group>"; };
		562C258D2CB9F631001BF067 /* URLRequest+Headers.swift */ = {isa = PBXFileReference; lastKnownFileType = sourcecode.swift; path = "URLRequest+Headers.swift"; sourceTree = "<group>"; };
		562C25A12CB9F6C0001BF067 /* NextcloudService.swift */ = {isa = PBXFileReference; lastKnownFileType = sourcecode.swift; path = NextcloudService.swift; sourceTree = "<group>"; };
		562ED27926B5D8E800E4E1C5 /* UserDetailsViewController.swift */ = {isa = PBXFileReference; lastKnownFileType = sourcecode.swift; path = UserDetailsViewController.swift; sourceTree = "<group>"; };
		562ED27B26B5E9B100E4E1C5 /* User.swift */ = {isa = PBXFileReference; lastKnownFileType = sourcecode.swift; path = User.swift; sourceTree = "<group>"; };
		56320CD226A838C10099C7EA /* MenuBuilder.swift */ = {isa = PBXFileReference; lastKnownFileType = sourcecode.swift; path = MenuBuilder.swift; sourceTree = "<group>"; };
		5634EC3A2B6C4D8D00468AC0 /* NXUserFormatter.swift */ = {isa = PBXFileReference; lastKnownFileType = sourcecode.swift; path = NXUserFormatter.swift; sourceTree = "<group>"; };
		563998C52BC9894D0086CEE5 /* hydrogen.json */ = {isa = PBXFileReference; fileEncoding = 4; lastKnownFileType = text.json; path = hydrogen.json; sourceTree = "<group>"; };
		563D542D2D0FAAEF00382FF8 /* URL+AppendingPathComponentSafely.swift */ = {isa = PBXFileReference; lastKnownFileType = sourcecode.swift; path = "URL+AppendingPathComponentSafely.swift"; sourceTree = "<group>"; };
		5646D68823CE0F750047876A /* ServerViewController.swift */ = {isa = PBXFileReference; lastKnownFileType = sourcecode.swift; path = ServerViewController.swift; sourceTree = "<group>"; };
		5647A6402BA3FE77000D51F7 /* NewUser.swift */ = {isa = PBXFileReference; lastKnownFileType = sourcecode.swift; path = NewUser.swift; sourceTree = "<group>"; };
		5647A6432BA4023A000D51F7 /* Groups.swift */ = {isa = PBXFileReference; lastKnownFileType = sourcecode.swift; path = Groups.swift; sourceTree = "<group>"; };
		5647A6452BA4CD4B000D51F7 /* NewUserViewController.swift */ = {isa = PBXFileReference; lastKnownFileType = sourcecode.swift; path = NewUserViewController.swift; sourceTree = "<group>"; };
		5647A6472BA4D8EF000D51F7 /* String+Extensions.swift */ = {isa = PBXFileReference; fileEncoding = 4; lastKnownFileType = sourcecode.swift; path = "String+Extensions.swift"; sourceTree = "<group>"; };
		564E5D402E02C11E007F9747 /* ErrorPresentor.swift */ = {isa = PBXFileReference; lastKnownFileType = sourcecode.swift; path = ErrorPresentor.swift; sourceTree = "<group>"; };
		564EAE082558CEA80090AFBB /* InfoViewController.swift */ = {isa = PBXFileReference; lastKnownFileType = sourcecode.swift; path = InfoViewController.swift; sourceTree = "<group>"; };
		5650A6F2267C03E4008A1BDB /* NXDataManagerDelegate.swift */ = {isa = PBXFileReference; lastKnownFileType = sourcecode.swift; name = NXDataManagerDelegate.swift; path = "NextStats/Nextcloud API/Delegates/NXDataManagerDelegate.swift"; sourceTree = SOURCE_ROOT; };
		565130D8268BD7D3008FE8D4 /* Units.swift */ = {isa = PBXFileReference; lastKnownFileType = sourcecode.swift; path = Units.swift; sourceTree = "<group>"; };
		5652A2F427647FE90050F5EB /* LoginObject.swift */ = {isa = PBXFileReference; lastKnownFileType = sourcecode.swift; path = LoginObject.swift; sourceTree = "<group>"; };
		5652A2F6276489AE0050F5EB /* NXAuthenticator.swift */ = {isa = PBXFileReference; lastKnownFileType = sourcecode.swift; path = NXAuthenticator.swift; sourceTree = "<group>"; };
		56557EE023C8B09A008CF684 /* NextStats.app */ = {isa = PBXFileReference; explicitFileType = wrapper.application; includeInIndex = 0; path = NextStats.app; sourceTree = BUILT_PRODUCTS_DIR; };
		56557EE323C8B09A008CF684 /* AppDelegate.swift */ = {isa = PBXFileReference; lastKnownFileType = sourcecode.swift; path = AppDelegate.swift; sourceTree = "<group>"; };
		56557EE523C8B09A008CF684 /* SceneDelegate.swift */ = {isa = PBXFileReference; lastKnownFileType = sourcecode.swift; path = SceneDelegate.swift; sourceTree = "<group>"; };
		56557EE723C8B09A008CF684 /* AddServerViewController.swift */ = {isa = PBXFileReference; lastKnownFileType = sourcecode.swift; path = AddServerViewController.swift; sourceTree = "<group>"; };
		56557EEC23C8B09C008CF684 /* Assets.xcassets */ = {isa = PBXFileReference; lastKnownFileType = folder.assetcatalog; path = Assets.xcassets; sourceTree = "<group>"; };
		56557EEF23C8B09C008CF684 /* Base */ = {isa = PBXFileReference; lastKnownFileType = file.storyboard; name = Base; path = Base.lproj/LaunchScreen.storyboard; sourceTree = "<group>"; };
		56557EF123C8B09C008CF684 /* Info.plist */ = {isa = PBXFileReference; lastKnownFileType = text.plist.xml; path = Info.plist; sourceTree = "<group>"; };
		56557EF923CA6E89008CF684 /* WebViewController.swift */ = {isa = PBXFileReference; lastKnownFileType = sourcecode.swift; path = WebViewController.swift; sourceTree = "<group>"; };
		56557EFF23CA89B9008CF684 /* StatsViewController.swift */ = {isa = PBXFileReference; lastKnownFileType = sourcecode.swift; path = StatsViewController.swift; sourceTree = "<group>"; };
		565975B825567DF70043C007 /* NextStatsTests.xctest */ = {isa = PBXFileReference; explicitFileType = wrapper.cfbundle; includeInIndex = 0; path = NextStatsTests.xctest; sourceTree = BUILT_PRODUCTS_DIR; };
		565975BA25567DF70043C007 /* NextStatsTests.swift */ = {isa = PBXFileReference; lastKnownFileType = sourcecode.swift; path = NextStatsTests.swift; sourceTree = "<group>"; };
		565975BC25567DF70043C007 /* Info.plist */ = {isa = PBXFileReference; lastKnownFileType = text.plist.xml; path = Info.plist; sourceTree = "<group>"; };
		565975C425567ECB0043C007 /* test.json */ = {isa = PBXFileReference; lastKnownFileType = text.json; path = test.json; sourceTree = "<group>"; };
		565975C8255680130043C007 /* working.json */ = {isa = PBXFileReference; lastKnownFileType = text.json; path = working.json; sourceTree = "<group>"; };
		565CDC0725E612C900028EA9 /* InfoCoordinator.swift */ = {isa = PBXFileReference; lastKnownFileType = sourcecode.swift; path = InfoCoordinator.swift; sourceTree = "<group>"; };
		565EFE662BB6007500100D94 /* NewUserStatusCode.swift */ = {isa = PBXFileReference; lastKnownFileType = sourcecode.swift; path = NewUserStatusCode.swift; sourceTree = "<group>"; };
		565EFE682BB6175C00100D94 /* NXUserFactoryDelegate.swift */ = {isa = PBXFileReference; lastKnownFileType = sourcecode.swift; path = NXUserFactoryDelegate.swift; sourceTree = "<group>"; };
		565EFE702BB7366700100D94 /* MainCoordinator+NXServerManagerDelegate.swift */ = {isa = PBXFileReference; lastKnownFileType = sourcecode.swift; path = "MainCoordinator+NXServerManagerDelegate.swift"; sourceTree = "<group>"; };
		566353702E6CA45400918EDA /* UINavigationBar+ApplyTheme.swift */ = {isa = PBXFileReference; lastKnownFileType = sourcecode.swift; path = "UINavigationBar+ApplyTheme.swift"; sourceTree = "<group>"; };
		566353722E6CAA4500918EDA /* LoadingBarButtonItem.swift */ = {isa = PBXFileReference; lastKnownFileType = sourcecode.swift; path = LoadingBarButtonItem.swift; sourceTree = "<group>"; };
		5671B6922B639D950026E4A0 /* ProgressCell.swift */ = {isa = PBXFileReference; lastKnownFileType = sourcecode.swift; path = ProgressCell.swift; sourceTree = "<group>"; };
		567AF08C2E7329E500BEFF8B /* AppIcon.swift */ = {isa = PBXFileReference; lastKnownFileType = sourcecode.swift; path = AppIcon.swift; sourceTree = "<group>"; };
		567BF638258ADE5D000E64D9 /* de */ = {isa = PBXFileReference; lastKnownFileType = text.plist.strings; name = de; path = de.lproj/Localizable.strings; sourceTree = "<group>"; };
		567BF63C258ADE74000E64D9 /* en */ = {isa = PBXFileReference; lastKnownFileType = text.plist.strings; name = en; path = en.lproj/Localizable.strings; sourceTree = "<group>"; };
		567D82552BA7A710007BF135 /* NewUserCoordinator.swift */ = {isa = PBXFileReference; lastKnownFileType = sourcecode.swift; path = NewUserCoordinator.swift; sourceTree = "<group>"; };
		567D82602BAA18C4007BF135 /* NXUserFactory.swift */ = {isa = PBXFileReference; lastKnownFileType = sourcecode.swift; path = NXUserFactory.swift; sourceTree = "<group>"; };
		567D82642BB1305D007BF135 /* SelectionViewController.swift */ = {isa = PBXFileReference; lastKnownFileType = sourcecode.swift; path = SelectionViewController.swift; sourceTree = "<group>"; };
		567D82662BB14500007BF135 /* NewUserCoordinator+SelectionViewDelegate.swift */ = {isa = PBXFileReference; lastKnownFileType = sourcecode.swift; path = "NewUserCoordinator+SelectionViewDelegate.swift"; sourceTree = "<group>"; };
		567D82682BB1B2A4007BF135 /* QuotaType.swift */ = {isa = PBXFileReference; lastKnownFileType = sourcecode.swift; path = QuotaType.swift; sourceTree = "<group>"; };
		5689894F23D4CF9F00D13B12 /* KeychainWrapper.swift */ = {isa = PBXFileReference; fileEncoding = 4; lastKnownFileType = sourcecode.swift; path = KeychainWrapper.swift; sourceTree = "<group>"; };
		5689895123D4CFC300D13B12 /* KeychainItemAccessibility.swift */ = {isa = PBXFileReference; fileEncoding = 4; lastKnownFileType = sourcecode.swift; path = KeychainItemAccessibility.swift; sourceTree = "<group>"; };
		5695048326A0DD1100FB2F78 /* UIToolbar+ConfigureAppearance.swift */ = {isa = PBXFileReference; lastKnownFileType = sourcecode.swift; path = "UIToolbar+ConfigureAppearance.swift"; sourceTree = "<group>"; };
		5698BF072E09DA110029DDC5 /* StatisticsDataSource.swift */ = {isa = PBXFileReference; lastKnownFileType = sourcecode.swift; path = StatisticsDataSource.swift; sourceTree = "<group>"; };
		569EBB0C2ADBBCDA00BE5985 /* UserCellModel.swift */ = {isa = PBXFileReference; lastKnownFileType = sourcecode.swift; path = UserCellModel.swift; sourceTree = "<group>"; };
		569EBB0E2ADBC15900BE5985 /* UserCell.swift */ = {isa = PBXFileReference; lastKnownFileType = sourcecode.swift; path = UserCell.swift; sourceTree = "<group>"; };
		569EC31E25B4F7F600B955EC /* InfoHeaderView.swift */ = {isa = PBXFileReference; lastKnownFileType = sourcecode.swift; path = InfoHeaderView.swift; sourceTree = "<group>"; };
		569F2C6726AAF61A001122F2 /* XMLStackParser.swift */ = {isa = PBXFileReference; fileEncoding = 4; lastKnownFileType = sourcecode.swift; path = XMLStackParser.swift; sourceTree = "<group>"; };
		569F2C6926AAF61A001122F2 /* XMLReferencingEncoder.swift */ = {isa = PBXFileReference; fileEncoding = 4; lastKnownFileType = sourcecode.swift; path = XMLReferencingEncoder.swift; sourceTree = "<group>"; };
		569F2C6A26AAF61A001122F2 /* EncodingErrorExtension.swift */ = {isa = PBXFileReference; fileEncoding = 4; lastKnownFileType = sourcecode.swift; path = EncodingErrorExtension.swift; sourceTree = "<group>"; };
		569F2C6B26AAF61A001122F2 /* XMLEncoder.swift */ = {isa = PBXFileReference; fileEncoding = 4; lastKnownFileType = sourcecode.swift; path = XMLEncoder.swift; sourceTree = "<group>"; };
		569F2C6C26AAF61A001122F2 /* XMLEncodingStorage.swift */ = {isa = PBXFileReference; fileEncoding = 4; lastKnownFileType = sourcecode.swift; path = XMLEncodingStorage.swift; sourceTree = "<group>"; };
		569F2C6E26AAF61A001122F2 /* DecodingErrorExtension.swift */ = {isa = PBXFileReference; fileEncoding = 4; lastKnownFileType = sourcecode.swift; path = DecodingErrorExtension.swift; sourceTree = "<group>"; };
		569F2C6F26AAF61A001122F2 /* XMLUnkeyedDecodingContainer.swift */ = {isa = PBXFileReference; fileEncoding = 4; lastKnownFileType = sourcecode.swift; path = XMLUnkeyedDecodingContainer.swift; sourceTree = "<group>"; };
		569F2C7026AAF61A001122F2 /* XMLKeyedDecodingContainer.swift */ = {isa = PBXFileReference; fileEncoding = 4; lastKnownFileType = sourcecode.swift; path = XMLKeyedDecodingContainer.swift; sourceTree = "<group>"; };
		569F2C7126AAF61A001122F2 /* XMLDecodingStorage.swift */ = {isa = PBXFileReference; fileEncoding = 4; lastKnownFileType = sourcecode.swift; path = XMLDecodingStorage.swift; sourceTree = "<group>"; };
		569F2C7226AAF61A001122F2 /* XMLDecoder.swift */ = {isa = PBXFileReference; fileEncoding = 4; lastKnownFileType = sourcecode.swift; path = XMLDecoder.swift; sourceTree = "<group>"; };
		569F2C7326AAF61A001122F2 /* ISO8601DateFormatter.swift */ = {isa = PBXFileReference; fileEncoding = 4; lastKnownFileType = sourcecode.swift; path = ISO8601DateFormatter.swift; sourceTree = "<group>"; };
		569F2C7426AAF61A001122F2 /* XMLKey.swift */ = {isa = PBXFileReference; fileEncoding = 4; lastKnownFileType = sourcecode.swift; path = XMLKey.swift; sourceTree = "<group>"; };
		569F2C9C26AB22B0001122F2 /* UsersViewController.swift */ = {isa = PBXFileReference; lastKnownFileType = sourcecode.swift; path = UsersViewController.swift; sourceTree = "<group>"; };
		569F2CA026AB2358001122F2 /* UsersCoordinator.swift */ = {isa = PBXFileReference; lastKnownFileType = sourcecode.swift; path = UsersCoordinator.swift; sourceTree = "<group>"; };
		569F2CA526AC2EB5001122F2 /* Users.swift */ = {isa = PBXFileReference; lastKnownFileType = sourcecode.swift; path = Users.swift; sourceTree = "<group>"; };
		569F2CA726AC34D7001122F2 /* NXUsersManager.swift */ = {isa = PBXFileReference; lastKnownFileType = sourcecode.swift; path = NXUsersManager.swift; sourceTree = "<group>"; };
		56A3188E2772804B00EAF1F2 /* NXStatsManager.swift */ = {isa = PBXFileReference; lastKnownFileType = sourcecode.swift; path = NXStatsManager.swift; sourceTree = "<group>"; };
		56A56EC32563C5A3005A6D18 /* InfoDataManager.swift */ = {isa = PBXFileReference; lastKnownFileType = sourcecode.swift; path = InfoDataManager.swift; sourceTree = "<group>"; };
		56A8EFD0256AC84100AFC20C /* NextStats.entitlements */ = {isa = PBXFileReference; lastKnownFileType = text.plist.entitlements; path = NextStats.entitlements; sourceTree = "<group>"; };
		56AAA3D22D5B4D48009DC223 /* InfoSection.swift */ = {isa = PBXFileReference; lastKnownFileType = sourcecode.swift; path = InfoSection.swift; sourceTree = "<group>"; };
		56AAA3D42D5B579F009DC223 /* UserSection.swift */ = {isa = PBXFileReference; lastKnownFileType = sourcecode.swift; path = UserSection.swift; sourceTree = "<group>"; };
		56AAA3D72D5B78C8009DC223 /* NewUserSection.swift */ = {isa = PBXFileReference; lastKnownFileType = sourcecode.swift; path = NewUserSection.swift; sourceTree = "<group>"; };
		56AAA3D92D5E18FE009DC223 /* UIView+BlurView.swift */ = {isa = PBXFileReference; lastKnownFileType = sourcecode.swift; path = "UIView+BlurView.swift"; sourceTree = "<group>"; };
		56AAA3DB2D5E19AA009DC223 /* BaseTableViewCell.swift */ = {isa = PBXFileReference; lastKnownFileType = sourcecode.swift; path = BaseTableViewCell.swift; sourceTree = "<group>"; };
		56B1413E267E7236002D66D8 /* Endpoint.swift */ = {isa = PBXFileReference; lastKnownFileType = sourcecode.swift; path = Endpoint.swift; sourceTree = "<group>"; };
		56B17E1023D681A9007C33B2 /* ServerCell.swift */ = {isa = PBXFileReference; lastKnownFileType = sourcecode.swift; path = ServerCell.swift; sourceTree = "<group>"; };
		56B55E3E2E15D814006578DF /* _XMLDecoder.swift */ = {isa = PBXFileReference; lastKnownFileType = sourcecode.swift; path = _XMLDecoder.swift; sourceTree = "<group>"; };
		56B55E402E15D892006578DF /* _XMLDecoder+SingleValueDecodingContainer.swift */ = {isa = PBXFileReference; lastKnownFileType = sourcecode.swift; path = "_XMLDecoder+SingleValueDecodingContainer.swift"; sourceTree = "<group>"; };
		56B55E472E15DABB006578DF /* String+Escape.swift */ = {isa = PBXFileReference; lastKnownFileType = sourcecode.swift; path = "String+Escape.swift"; sourceTree = "<group>"; };
		56B597A52CEDE0000060B42B /* UsersCoordinator+ErrorHandling.swift */ = {isa = PBXFileReference; lastKnownFileType = sourcecode.swift; path = "UsersCoordinator+ErrorHandling.swift"; sourceTree = "<group>"; };
		56B597A92CEDE2D10060B42B /* StatsViewController+ErrorHandling.swift */ = {isa = PBXFileReference; lastKnownFileType = sourcecode.swift; path = "StatsViewController+ErrorHandling.swift"; sourceTree = "<group>"; };
		56B9831C2E6E00D800AC8B8D /* AppIcon.icon */ = {isa = PBXFileReference; lastKnownFileType = folder.iconcomposer.icon; path = AppIcon.icon; sourceTree = "<group>"; };
		56BB28E526A79A0A00F0D8DC /* ToolbarDelegate.swift */ = {isa = PBXFileReference; lastKnownFileType = sourcecode.swift; path = ToolbarDelegate.swift; sourceTree = "<group>"; };
		56BCF6B32487CA8D0048B991 /* NXServerManager.swift */ = {isa = PBXFileReference; lastKnownFileType = sourcecode.swift; path = NXServerManager.swift; sourceTree = "<group>"; };
		56C1840B26C1A9A100992B35 /* NXServerManagerDelegate.swift */ = {isa = PBXFileReference; lastKnownFileType = sourcecode.swift; path = NXServerManagerDelegate.swift; sourceTree = "<group>"; };
		56C3126F269109CB0077B40D /* String+Keys.swift */ = {isa = PBXFileReference; lastKnownFileType = sourcecode.swift; path = "String+Keys.swift"; sourceTree = "<group>"; };
		56C632E52BB8D1F6007B2032 /* UsersManagerDelegate.swift */ = {isa = PBXFileReference; lastKnownFileType = sourcecode.swift; path = UsersManagerDelegate.swift; sourceTree = "<group>"; };
		56C781A52AD7DF2200872988 /* TextFieldFactory.swift */ = {isa = PBXFileReference; lastKnownFileType = sourcecode.swift; path = TextFieldFactory.swift; sourceTree = "<group>"; };
		56C781A72AD8957200872988 /* AddServerHeaderView.swift */ = {isa = PBXFileReference; lastKnownFileType = sourcecode.swift; path = AddServerHeaderView.swift; sourceTree = "<group>"; };
		56C9596F2655E42F00BD3B06 /* InputCell.swift */ = {isa = PBXFileReference; lastKnownFileType = sourcecode.swift; path = InputCell.swift; sourceTree = "<group>"; };
		56D3442B2CEC61B200A5933B /* GenericResponse.swift */ = {isa = PBXFileReference; lastKnownFileType = sourcecode.swift; path = GenericResponse.swift; sourceTree = "<group>"; };
		56D3442D2CEC8C2900A5933B /* ToggleType.swift */ = {isa = PBXFileReference; lastKnownFileType = sourcecode.swift; path = ToggleType.swift; sourceTree = "<group>"; };
		56D4ACE82BB9DD5E00C640EB /* PrivacyInfo.xcprivacy */ = {isa = PBXFileReference; lastKnownFileType = text.xml; path = PrivacyInfo.xcprivacy; sourceTree = "<group>"; };
		56D557FE2D46C28F0027A1FB /* BaseDataManager.swift */ = {isa = PBXFileReference; lastKnownFileType = sourcecode.swift; path = BaseDataManager.swift; sourceTree = "<group>"; };
		56D558002D46C2EB0027A1FB /* DataManagerDelegate.swift */ = {isa = PBXFileReference; lastKnownFileType = sourcecode.swift; path = DataManagerDelegate.swift; sourceTree = "<group>"; };
		56DBC1362932EFC1002A306B /* NXAuthenticationDelegate.swift */ = {isa = PBXFileReference; fileEncoding = 4; lastKnownFileType = sourcecode.swift; path = NXAuthenticationDelegate.swift; sourceTree = "<group>"; };
		56E0AD7E26ADA20C0090ACB6 /* LoadingViewController.swift */ = {isa = PBXFileReference; lastKnownFileType = sourcecode.swift; path = LoadingViewController.swift; sourceTree = "<group>"; };
		56E0AD8026ADA4360090ACB6 /* UIViewController+Child.swift */ = {isa = PBXFileReference; lastKnownFileType = sourcecode.swift; path = "UIViewController+Child.swift"; sourceTree = "<group>"; };
		56E0AD8326ADABA90090ACB6 /* SelectServerViewController.swift */ = {isa = PBXFileReference; lastKnownFileType = sourcecode.swift; path = SelectServerViewController.swift; sourceTree = "<group>"; };
		56E0AD8526ADC0180090ACB6 /* NoServersViewController.swift */ = {isa = PBXFileReference; lastKnownFileType = sourcecode.swift; path = NoServersViewController.swift; sourceTree = "<group>"; };
		56E6834026B245A800C1E17C /* IAP Helper.swift */ = {isa = PBXFileReference; fileEncoding = 4; lastKnownFileType = sourcecode.swift; path = "IAP Helper.swift"; sourceTree = "<group>"; };
		56E6834226B245AF00C1E17C /* NextStats Products.swift */ = {isa = PBXFileReference; fileEncoding = 4; lastKnownFileType = sourcecode.swift; path = "NextStats Products.swift"; sourceTree = "<group>"; };
		56E86F182D6BE8CE0067D245 /* SelectionType.swift */ = {isa = PBXFileReference; lastKnownFileType = sourcecode.swift; path = SelectionType.swift; sourceTree = "<group>"; };
		56EFB6CD2BF5DEEF004F6A53 /* WipeObject.swift */ = {isa = PBXFileReference; lastKnownFileType = sourcecode.swift; path = WipeObject.swift; sourceTree = "<group>"; };
		56F1C6802D53606300EA03BD /* BaseViewController.swift */ = {isa = PBXFileReference; lastKnownFileType = sourcecode.swift; path = BaseViewController.swift; sourceTree = "<group>"; };
		56F23ED92E0E558D00B3052B /* TitledSection.swift */ = {isa = PBXFileReference; lastKnownFileType = sourcecode.swift; path = TitledSection.swift; sourceTree = "<group>"; };
		56F23EDB2E0E55A300B3052B /* SystemRow.swift */ = {isa = PBXFileReference; lastKnownFileType = sourcecode.swift; path = SystemRow.swift; sourceTree = "<group>"; };
		56F23EDD2E0E561800B3052B /* MemoryRow.swift */ = {isa = PBXFileReference; lastKnownFileType = sourcecode.swift; path = MemoryRow.swift; sourceTree = "<group>"; };
		56F23EDF2E0E567200B3052B /* StorageRow.swift */ = {isa = PBXFileReference; lastKnownFileType = sourcecode.swift; path = StorageRow.swift; sourceTree = "<group>"; };
		56F23EE12E0E56AD00B3052B /* ActivityRow.swift */ = {isa = PBXFileReference; lastKnownFileType = sourcecode.swift; path = ActivityRow.swift; sourceTree = "<group>"; };
		56F23EE42E0E594400B3052B /* TableSection.swift */ = {isa = PBXFileReference; lastKnownFileType = sourcecode.swift; path = TableSection.swift; sourceTree = "<group>"; };
		56F23EE62E0E595200B3052B /* TableRow.swift */ = {isa = PBXFileReference; lastKnownFileType = sourcecode.swift; path = TableRow.swift; sourceTree = "<group>"; };
		56F23EE82E0E595F00B3052B /* ProgressCellData.swift */ = {isa = PBXFileReference; lastKnownFileType = sourcecode.swift; path = ProgressCellData.swift; sourceTree = "<group>"; };
		56F23EEB2E0E686100B3052B /* BaseDataSource.swift */ = {isa = PBXFileReference; lastKnownFileType = sourcecode.swift; path = BaseDataSource.swift; sourceTree = "<group>"; };
		56F23EED2E0E694200B3052B /* BaseTableViewController.swift */ = {isa = PBXFileReference; lastKnownFileType = sourcecode.swift; path = BaseTableViewController.swift; sourceTree = "<group>"; };
		56F23FA82E11203600B3052B /* GenericCell.swift */ = {isa = PBXFileReference; lastKnownFileType = sourcecode.swift; path = GenericCell.swift; sourceTree = "<group>"; };
		56F7A19D26A98857004B0C5F /* ServerHeaderView.swift */ = {isa = PBXFileReference; lastKnownFileType = sourcecode.swift; path = ServerHeaderView.swift; sourceTree = "<group>"; };
		56F7F8F324D78C9E00C667E4 /* NextServer.swift */ = {isa = PBXFileReference; lastKnownFileType = sourcecode.swift; path = NextServer.swift; sourceTree = "<group>"; };
		56F90C1327AD107F00C39C69 /* StatsViewController+MenuActions.swift */ = {isa = PBXFileReference; lastKnownFileType = sourcecode.swift; path = "StatsViewController+MenuActions.swift"; sourceTree = "<group>"; };
		56FE82DA2D6362DC001E2294 /* NewUserDataSource.swift */ = {isa = PBXFileReference; lastKnownFileType = sourcecode.swift; path = NewUserDataSource.swift; sourceTree = "<group>"; };
		56FE82DD2D63653A001E2294 /* LoginItem.swift */ = {isa = PBXFileReference; lastKnownFileType = sourcecode.swift; path = LoginItem.swift; sourceTree = "<group>"; };
		56FE82DF2D637D27001E2294 /* ServerDataSource.swift */ = {isa = PBXFileReference; lastKnownFileType = sourcecode.swift; path = ServerDataSource.swift; sourceTree = "<group>"; };
		56FE82E12D65D5CA001E2294 /* UsersDataSource.swift */ = {isa = PBXFileReference; lastKnownFileType = sourcecode.swift; path = UsersDataSource.swift; sourceTree = "<group>"; };
/* End PBXFileReference section */

/* Begin PBXFrameworksBuildPhase section */
		56557EDD23C8B09A008CF684 /* Frameworks */ = {
			isa = PBXFrameworksBuildPhase;
			buildActionMask = 2147483647;
			files = (
			);
			runOnlyForDeploymentPostprocessing = 0;
		};
		565975B525567DF70043C007 /* Frameworks */ = {
			isa = PBXFrameworksBuildPhase;
			buildActionMask = 2147483647;
			files = (
			);
			runOnlyForDeploymentPostprocessing = 0;
		};
/* End PBXFrameworksBuildPhase section */

/* Begin PBXGroup section */
		5601D7F425E3194400993D31 /* Extensions */ = {
			isa = PBXGroup;
			children = (
				562043CD27A5E659002D45E1 /* NSMutableAttributedString+SFSymbols.swift */,
				5647A6472BA4D8EF000D51F7 /* String+Extensions.swift */,
				5601D7FB25E31A5500993D31 /* UIActivityIndicatorView+Activate-Deactivate.swift */,
				5601D7F525E3199400993D31 /* UIApplication+AppVersion.swift */,
				5695048326A0DD1100FB2F78 /* UIToolbar+ConfigureAppearance.swift */,
				56E0AD8026ADA4360090ACB6 /* UIViewController+Child.swift */,
				563D542D2D0FAAEF00382FF8 /* URL+AppendingPathComponentSafely.swift */,
				5601D80125E31AA000993D31 /* WKWebView+Cookies.swift */,
				56AAA3D92D5E18FE009DC223 /* UIView+BlurView.swift */,
				566353702E6CA45400918EDA /* UINavigationBar+ApplyTheme.swift */,
			);
			path = Extensions;
			sourceTree = "<group>";
		};
		5609386E2D630E3F00DEAF40 /* TableViewCells */ = {
			isa = PBXGroup;
			children = (
				56C9596F2655E42F00BD3B06 /* InputCell.swift */,
				5671B6922B639D950026E4A0 /* ProgressCell.swift */,
				56B17E1023D681A9007C33B2 /* ServerCell.swift */,
				569EBB0E2ADBC15900BE5985 /* UserCell.swift */,
				56AAA3DB2D5E19AA009DC223 /* BaseTableViewCell.swift */,
			);
			path = TableViewCells;
			sourceTree = "<group>";
		};
		5609386F2D630FD600DEAF40 /* ViewControllers */ = {
			isa = PBXGroup;
			children = (
				56557EE723C8B09A008CF684 /* AddServerViewController.swift */,
				564EAE082558CEA80090AFBB /* InfoViewController.swift */,
				5647A6452BA4CD4B000D51F7 /* NewUserViewController.swift */,
				56E0AD8326ADABA90090ACB6 /* SelectServerViewController.swift */,
				56E0AD8526ADC0180090ACB6 /* NoServersViewController.swift */,
				5646D68823CE0F750047876A /* ServerViewController.swift */,
				56557EFF23CA89B9008CF684 /* StatsViewController.swift */,
				562ED27926B5D8E800E4E1C5 /* UserDetailsViewController.swift */,
				569F2C9C26AB22B0001122F2 /* UsersViewController.swift */,
			);
			path = ViewControllers;
			sourceTree = "<group>";
		};
		560AC3EC2E51176900FFE3B5 /* Shared */ = {
			isa = PBXGroup;
			children = (
				560AC3ED2E51177A00FFE3B5 /* SFSymbol.swift */,
			);
			path = Shared;
			sourceTree = "<group>";
		};
		562C259F2CB9F64B001BF067 /* NextcloudService */ = {
			isa = PBXGroup;
			children = (
				56B1413E267E7236002D66D8 /* Endpoint.swift */,
				562C25A12CB9F6C0001BF067 /* NextcloudService.swift */,
				56D3442D2CEC8C2900A5933B /* ToggleType.swift */,
			);
			path = NextcloudService;
			sourceTree = "<group>";
		};
		562C25A42CB9FE16001BF067 /* Models */ = {
			isa = PBXGroup;
			children = (
				561B989725A85C9E00A8FE6D /* AuthenticationObject.swift */,
				56D3442B2CEC61B200A5933B /* GenericResponse.swift */,
				5647A6432BA4023A000D51F7 /* Groups.swift */,
				5652A2F427647FE90050F5EB /* LoginObject.swift */,
				5647A6402BA3FE77000D51F7 /* NewUser.swift */,
				565EFE662BB6007500100D94 /* NewUserStatusCode.swift */,
				56F7F8F324D78C9E00C667E4 /* NextServer.swift */,
				561B989125A85C2D00A8FE6D /* ServerStats.swift */,
				562ED27B26B5E9B100E4E1C5 /* User.swift */,
				569EBB0C2ADBBCDA00BE5985 /* UserCellModel.swift */,
				569F2CA526AC2EB5001122F2 /* Users.swift */,
				56EFB6CD2BF5DEEF004F6A53 /* WipeObject.swift */,
				56AAA3D22D5B4D48009DC223 /* InfoSection.swift */,
			);
			path = Models;
			sourceTree = "<group>";
		};
		5647A6552BA653C0000D51F7 /* Interface */ = {
			isa = PBXGroup;
			children = (
				56DB681F26AEEBF60015CB04 /* Info */,
				56E0AD7D26ADA1F10090ACB6 /* Shared */,
				56E0AD8226ADAB810090ACB6 /* Statistics */,
				5609386E2D630E3F00DEAF40 /* TableViewCells */,
				569F2CA226AC2D1A001122F2 /* User Managment */,
				5609386F2D630FD600DEAF40 /* ViewControllers */,
			);
			path = Interface;
			sourceTree = "<group>";
		};
		56491FA229E66C6000E3431D /* Users */ = {
			isa = PBXGroup;
			children = (
				5634EC3A2B6C4D8D00468AC0 /* NXUserFormatter.swift */,
				567D82602BAA18C4007BF135 /* NXUserFactory.swift */,
			);
			path = Users;
			sourceTree = "<group>";
		};
		564C8DC724D779150095D43B /* Helpers */ = {
			isa = PBXGroup;
			children = (
				56E6833F26B2459C00C1E17C /* IAP */,
				569F2C6626AAF61A001122F2 /* XMLParsing */,
				565130D8268BD7D3008FE8D4 /* Units.swift */,
				5689895123D4CFC300D13B12 /* KeychainItemAccessibility.swift */,
				5689894F23D4CF9F00D13B12 /* KeychainWrapper.swift */,
				560547D62E3938E600B8649C /* SystemVersion.swift */,
				567AF08C2E7329E500BEFF8B /* AppIcon.swift */,
			);
			path = Helpers;
			sourceTree = "<group>";
		};
		564E5D3F2E02C102007F9747 /* ErrorHandling */ = {
			isa = PBXGroup;
			children = (
				564E5D402E02C11E007F9747 /* ErrorPresentor.swift */,
			);
			path = ErrorHandling;
			sourceTree = "<group>";
		};
		56557ED723C8B09A008CF684 = {
			isa = PBXGroup;
			children = (
				56557EE223C8B09A008CF684 /* NextStats */,
				565975B925567DF70043C007 /* NextStatsTests */,
				56557EE123C8B09A008CF684 /* Products */,
			);
			sourceTree = "<group>";
		};
		56557EE123C8B09A008CF684 /* Products */ = {
			isa = PBXGroup;
			children = (
				56557EE023C8B09A008CF684 /* NextStats.app */,
				565975B825567DF70043C007 /* NextStatsTests.xctest */,
			);
			name = Products;
			sourceTree = "<group>";
		};
		56557EE223C8B09A008CF684 /* NextStats */ = {
			isa = PBXGroup;
			children = (
				56B9831C2E6E00D800AC8B8D /* AppIcon.icon */,
				56557EE323C8B09A008CF684 /* AppDelegate.swift */,
				56557EEC23C8B09C008CF684 /* Assets.xcassets */,
				56BB28E426A7997C00F0D8DC /* Catalyst */,
				56F1C7032D57644400EA03BD /* Coordinators */,
				5601D7F425E3194400993D31 /* Extensions */,
				564C8DC724D779150095D43B /* Helpers */,
				56557EF123C8B09C008CF684 /* Info.plist */,
				5647A6552BA653C0000D51F7 /* Interface */,
				5698BF042E09D9E50029DDC5 /* iOS */,
				56557EEE23C8B09C008CF684 /* LaunchScreen.storyboard */,
				567BF636258ADDF1000E64D9 /* Localization */,
				56DBC1352932EF11002A306B /* Nextcloud API */,
				56A8EFD0256AC84100AFC20C /* NextStats.entitlements */,
				56D4ACE82BB9DD5E00C640EB /* PrivacyInfo.xcprivacy */,
				56557EE523C8B09A008CF684 /* SceneDelegate.swift */,
				560AC3EC2E51176900FFE3B5 /* Shared */,
			);
			path = NextStats;
			sourceTree = "<group>";
		};
		565975B925567DF70043C007 /* NextStatsTests */ = {
			isa = PBXGroup;
			children = (
				565975BA25567DF70043C007 /* NextStatsTests.swift */,
				563998C52BC9894D0086CEE5 /* hydrogen.json */,
				565975C425567ECB0043C007 /* test.json */,
				565975C8255680130043C007 /* working.json */,
				565975BC25567DF70043C007 /* Info.plist */,
			);
			path = NextStatsTests;
			sourceTree = "<group>";
		};
		567BF636258ADDF1000E64D9 /* Localization */ = {
			isa = PBXGroup;
			children = (
				56C3126F269109CB0077B40D /* String+Keys.swift */,
				5601D80525E31C4900993D31 /* String+Localized.swift */,
				567BF639258ADE5D000E64D9 /* Localizable.strings */,
			);
			path = Localization;
			sourceTree = "<group>";
		};
		5698BF042E09D9E50029DDC5 /* iOS */ = {
			isa = PBXGroup;
			children = (
				56BF6E502E1B591F00004545 /* HeaderViews */,
				56BF6E4F2E1887AE00004545 /* ViewControllers */,
				56F23FA72E111FA400B3052B /* TableViewCells */,
				56F23ED82E0E557C00B3052B /* TableView */,
				5698BF062E09D9FE0029DDC5 /* DataSources */,
			);
			path = iOS;
			sourceTree = "<group>";
		};
		5698BF062E09D9FE0029DDC5 /* DataSources */ = {
			isa = PBXGroup;
			children = (
				56FE82DC2D636512001E2294 /* Enums */,
				560938752D63271400DEAF40 /* AuthenticationDataSource.swift */,
				56FE82DF2D637D27001E2294 /* ServerDataSource.swift */,
				56F23EEB2E0E686100B3052B /* BaseDataSource.swift */,
				56FE82DA2D6362DC001E2294 /* NewUserDataSource.swift */,
				5698BF072E09DA110029DDC5 /* StatisticsDataSource.swift */,
				56FE82E12D65D5CA001E2294 /* UsersDataSource.swift */,
			);
			path = DataSources;
			sourceTree = "<group>";
		};
		569F2C6626AAF61A001122F2 /* XMLParsing */ = {
			isa = PBXGroup;
			children = (
				569F2C6726AAF61A001122F2 /* XMLStackParser.swift */,
				569F2C6826AAF61A001122F2 /* Encoder */,
				569F2C6D26AAF61A001122F2 /* Decoder */,
				569F2C7326AAF61A001122F2 /* ISO8601DateFormatter.swift */,
				569F2C7426AAF61A001122F2 /* XMLKey.swift */,
				56B55E472E15DABB006578DF /* String+Escape.swift */,
			);
			path = XMLParsing;
			sourceTree = "<group>";
		};
		569F2C6826AAF61A001122F2 /* Encoder */ = {
			isa = PBXGroup;
			children = (
				569F2C6926AAF61A001122F2 /* XMLReferencingEncoder.swift */,
				569F2C6A26AAF61A001122F2 /* EncodingErrorExtension.swift */,
				569F2C6B26AAF61A001122F2 /* XMLEncoder.swift */,
				569F2C6C26AAF61A001122F2 /* XMLEncodingStorage.swift */,
			);
			path = Encoder;
			sourceTree = "<group>";
		};
		569F2C6D26AAF61A001122F2 /* Decoder */ = {
			isa = PBXGroup;
			children = (
				569F2C6E26AAF61A001122F2 /* DecodingErrorExtension.swift */,
				569F2C6F26AAF61A001122F2 /* XMLUnkeyedDecodingContainer.swift */,
				569F2C7026AAF61A001122F2 /* XMLKeyedDecodingContainer.swift */,
				569F2C7126AAF61A001122F2 /* XMLDecodingStorage.swift */,
				56B55E3D2E15D776006578DF /* XMLDecoder */,
			);
			path = Decoder;
			sourceTree = "<group>";
		};
		569F2CA226AC2D1A001122F2 /* User Managment */ = {
			isa = PBXGroup;
			children = (
				567D82682BB1B2A4007BF135 /* QuotaType.swift */,
			);
			path = "User Managment";
			sourceTree = "<group>";
		};
		56B55E3D2E15D776006578DF /* XMLDecoder */ = {
			isa = PBXGroup;
			children = (
				569F2C7226AAF61A001122F2 /* XMLDecoder.swift */,
				56B55E3E2E15D814006578DF /* _XMLDecoder.swift */,
				56B55E402E15D892006578DF /* _XMLDecoder+SingleValueDecodingContainer.swift */,
			);
			path = XMLDecoder;
			sourceTree = "<group>";
		};
		56BB28E426A7997C00F0D8DC /* Catalyst */ = {
			isa = PBXGroup;
			children = (
				56320CD226A838C10099C7EA /* MenuBuilder.swift */,
				56BB28E526A79A0A00F0D8DC /* ToolbarDelegate.swift */,
			);
			path = Catalyst;
			sourceTree = "<group>";
		};
		56BF6E4F2E1887AE00004545 /* ViewControllers */ = {
			isa = PBXGroup;
			children = (
				56F1C6802D53606300EA03BD /* BaseViewController.swift */,
				56F23EED2E0E694200B3052B /* BaseTableViewController.swift */,
			);
			path = ViewControllers;
			sourceTree = "<group>";
		};
		56BF6E502E1B591F00004545 /* HeaderViews */ = {
			isa = PBXGroup;
			children = (
				56C781A72AD8957200872988 /* AddServerHeaderView.swift */,
			);
			path = HeaderViews;
			sourceTree = "<group>";
		};
		56D557FD2D46C2850027A1FB /* DataManagers */ = {
			isa = PBXGroup;
			children = (
				56D557FE2D46C28F0027A1FB /* BaseDataManager.swift */,
				56A56EC32563C5A3005A6D18 /* InfoDataManager.swift */,
				56BCF6B32487CA8D0048B991 /* NXServerManager.swift */,
				5652A2F6276489AE0050F5EB /* NXAuthenticator.swift */,
				56A3188E2772804B00EAF1F2 /* NXStatsManager.swift */,
				569F2CA726AC34D7001122F2 /* NXUsersManager.swift */,
			);
			path = DataManagers;
			sourceTree = "<group>";
		};
		56DB681F26AEEBF60015CB04 /* Info */ = {
			isa = PBXGroup;
			children = (
				569EC31E25B4F7F600B955EC /* InfoHeaderView.swift */,
			);
			path = Info;
			sourceTree = "<group>";
		};
		56DBC1352932EF11002A306B /* Nextcloud API */ = {
			isa = PBXGroup;
			children = (
				564E5D3F2E02C102007F9747 /* ErrorHandling */,
				56F1C7052D577BDB00EA03BD /* Delegates */,
				56D557FD2D46C2850027A1FB /* DataManagers */,
				562C25A42CB9FE16001BF067 /* Models */,
				56E0AD7A26AD88DA0090ACB6 /* Networking */,
				562C259F2CB9F64B001BF067 /* NextcloudService */,
				56491FA229E66C6000E3431D /* Users */,
			);
			path = "Nextcloud API";
			sourceTree = "<group>";
		};
		56E0AD7A26AD88DA0090ACB6 /* Networking */ = {
			isa = PBXGroup;
			children = (
				562C25862CB9F631001BF067 /* APIManager.swift */,
				562C25872CB9F631001BF067 /* APIManagerError.swift */,
				562C25892CB9F631001BF067 /* HeaderKeyValue.swift */,
				562C258B2CB9F631001BF067 /* Managable.swift */,
				562C258C2CB9F631001BF067 /* ServiceMethod.swift */,
				562C258D2CB9F631001BF067 /* URLRequest+Headers.swift */,
			);
			path = Networking;
			sourceTree = "<group>";
		};
		56E0AD7D26ADA1F10090ACB6 /* Shared */ = {
			isa = PBXGroup;
			children = (
				56C781A52AD7DF2200872988 /* TextFieldFactory.swift */,
				56E0AD7E26ADA20C0090ACB6 /* LoadingViewController.swift */,
				56557EF923CA6E89008CF684 /* WebViewController.swift */,
				567D82642BB1305D007BF135 /* SelectionViewController.swift */,
				560938702D63269200DEAF40 /* TextFieldDelegate.swift */,
				566353722E6CAA4500918EDA /* LoadingBarButtonItem.swift */,
			);
			path = Shared;
			sourceTree = "<group>";
		};
		56E0AD8226ADAB810090ACB6 /* Statistics */ = {
			isa = PBXGroup;
			children = (
				56B597A92CEDE2D10060B42B /* StatsViewController+ErrorHandling.swift */,
				56F90C1327AD107F00C39C69 /* StatsViewController+MenuActions.swift */,
				56F7A19D26A98857004B0C5F /* ServerHeaderView.swift */,
			);
			path = Statistics;
			sourceTree = "<group>";
		};
		56E6833F26B2459C00C1E17C /* IAP */ = {
			isa = PBXGroup;
			children = (
				56E6834026B245A800C1E17C /* IAP Helper.swift */,
				56E6834226B245AF00C1E17C /* NextStats Products.swift */,
			);
			path = IAP;
			sourceTree = "<group>";
		};
		56F1C7032D57644400EA03BD /* Coordinators */ = {
			isa = PBXGroup;
			children = (
				5601D7B225E0E8DB00993D31 /* Coordinator.swift */,
				5601D7D025E10A8700993D31 /* AddServerCoordinator.swift */,
				565CDC0725E612C900028EA9 /* InfoCoordinator.swift */,
				5601D7AE25E0E8D100993D31 /* MainCoordinator.swift */,
				565EFE702BB7366700100D94 /* MainCoordinator+NXServerManagerDelegate.swift */,
				567D82552BA7A710007BF135 /* NewUserCoordinator.swift */,
				567D82662BB14500007BF135 /* NewUserCoordinator+SelectionViewDelegate.swift */,
				569F2CA026AB2358001122F2 /* UsersCoordinator.swift */,
				56B597A52CEDE0000060B42B /* UsersCoordinator+ErrorHandling.swift */,
			);
			path = Coordinators;
			sourceTree = "<group>";
		};
		56F1C7052D577BDB00EA03BD /* Delegates */ = {
			isa = PBXGroup;
			children = (
				56D558002D46C2EB0027A1FB /* DataManagerDelegate.swift */,
				56DBC1362932EFC1002A306B /* NXAuthenticationDelegate.swift */,
				56C1840B26C1A9A100992B35 /* NXServerManagerDelegate.swift */,
				5650A6F2267C03E4008A1BDB /* NXDataManagerDelegate.swift */,
				56C632E52BB8D1F6007B2032 /* UsersManagerDelegate.swift */,
				565EFE682BB6175C00100D94 /* NXUserFactoryDelegate.swift */,
			);
			path = Delegates;
			sourceTree = "<group>";
		};
		56F23ED82E0E557C00B3052B /* TableView */ = {
			isa = PBXGroup;
			children = (
				56F23EE32E0E592B00B3052B /* Enums */,
				56F23EEA2E0E598900B3052B /* Models */,
			);
			path = TableView;
			sourceTree = "<group>";
		};
		56F23EE32E0E592B00B3052B /* Enums */ = {
			isa = PBXGroup;
			children = (
				56F23ED92E0E558D00B3052B /* TitledSection.swift */,
				56F23EDB2E0E55A300B3052B /* SystemRow.swift */,
				56F23EDF2E0E567200B3052B /* StorageRow.swift */,
				56F23EE12E0E56AD00B3052B /* ActivityRow.swift */,
				56F23EDD2E0E561800B3052B /* MemoryRow.swift */,
			);
			path = Enums;
			sourceTree = "<group>";
		};
		56F23EEA2E0E598900B3052B /* Models */ = {
			isa = PBXGroup;
			children = (
				56F23EE42E0E594400B3052B /* TableSection.swift */,
				56F23EE62E0E595200B3052B /* TableRow.swift */,
				56F23EE82E0E595F00B3052B /* ProgressCellData.swift */,
			);
			path = Models;
			sourceTree = "<group>";
		};
		56F23FA72E111FA400B3052B /* TableViewCells */ = {
			isa = PBXGroup;
			children = (
				56F23FA82E11203600B3052B /* GenericCell.swift */,
			);
			path = TableViewCells;
			sourceTree = "<group>";
		};
		56FE82DC2D636512001E2294 /* Enums */ = {
			isa = PBXGroup;
			children = (
				56FE82DD2D63653A001E2294 /* LoginItem.swift */,
				56AAA3D72D5B78C8009DC223 /* NewUserSection.swift */,
				5609385C2D5F816000DEAF40 /* StatsSection.swift */,
				56AAA3D42D5B579F009DC223 /* UserSection.swift */,
				56E86F182D6BE8CE0067D245 /* SelectionType.swift */,
			);
			path = Enums;
			sourceTree = "<group>";
		};
/* End PBXGroup section */

/* Begin PBXNativeTarget section */
		56557EDF23C8B09A008CF684 /* NextStats */ = {
			isa = PBXNativeTarget;
			buildConfigurationList = 56557EF423C8B09C008CF684 /* Build configuration list for PBXNativeTarget "NextStats" */;
			buildPhases = (
				56B532B5267B3AB5003812B3 /* ShellScript */,
				56557EDC23C8B09A008CF684 /* Sources */,
				56557EDD23C8B09A008CF684 /* Frameworks */,
				56557EDE23C8B09A008CF684 /* Resources */,
			);
			buildRules = (
			);
			dependencies = (
			);
			name = NextStats;
			productName = NextStats;
			productReference = 56557EE023C8B09A008CF684 /* NextStats.app */;
			productType = "com.apple.product-type.application";
		};
		565975B725567DF70043C007 /* NextStatsTests */ = {
			isa = PBXNativeTarget;
			buildConfigurationList = 565975C125567DF70043C007 /* Build configuration list for PBXNativeTarget "NextStatsTests" */;
			buildPhases = (
				565975B425567DF70043C007 /* Sources */,
				565975B525567DF70043C007 /* Frameworks */,
				565975B625567DF70043C007 /* Resources */,
			);
			buildRules = (
			);
			dependencies = (
				565975BE25567DF70043C007 /* PBXTargetDependency */,
			);
			name = NextStatsTests;
			productName = NextStatsTests;
			productReference = 565975B825567DF70043C007 /* NextStatsTests.xctest */;
			productType = "com.apple.product-type.bundle.unit-test";
		};
/* End PBXNativeTarget section */

/* Begin PBXProject section */
		56557ED823C8B09A008CF684 /* Project object */ = {
			isa = PBXProject;
			attributes = {
				BuildIndependentTargetsInParallel = YES;
				LastSwiftUpdateCheck = 1220;
				LastUpgradeCheck = 1530;
				ORGANIZATIONNAME = "Jon Alaniz";
				TargetAttributes = {
					56557EDF23C8B09A008CF684 = {
						CreatedOnToolsVersion = 11.3;
					};
					565975B725567DF70043C007 = {
						CreatedOnToolsVersion = 12.2;
						TestTargetID = 56557EDF23C8B09A008CF684;
					};
				};
			};
			buildConfigurationList = 56557EDB23C8B09A008CF684 /* Build configuration list for PBXProject "NextStats" */;
			compatibilityVersion = "Xcode 9.3";
			developmentRegion = en;
			hasScannedForEncodings = 0;
			knownRegions = (
				en,
				Base,
				de,
				fr,
				tr,
			);
			mainGroup = 56557ED723C8B09A008CF684;
			productRefGroup = 56557EE123C8B09A008CF684 /* Products */;
			projectDirPath = "";
			projectRoot = "";
			targets = (
				56557EDF23C8B09A008CF684 /* NextStats */,
				565975B725567DF70043C007 /* NextStatsTests */,
			);
		};
/* End PBXProject section */

/* Begin PBXResourcesBuildPhase section */
		56557EDE23C8B09A008CF684 /* Resources */ = {
			isa = PBXResourcesBuildPhase;
			buildActionMask = 2147483647;
			files = (
				567BF637258ADE5D000E64D9 /* Localizable.strings in Resources */,
				56557EF023C8B09C008CF684 /* LaunchScreen.storyboard in Resources */,
				56D4ACE92BB9DD5E00C640EB /* PrivacyInfo.xcprivacy in Resources */,
				56557EED23C8B09C008CF684 /* Assets.xcassets in Resources */,
				56B9831D2E6E00D800AC8B8D /* AppIcon.icon in Resources */,
			);
			runOnlyForDeploymentPostprocessing = 0;
		};
		565975B625567DF70043C007 /* Resources */ = {
			isa = PBXResourcesBuildPhase;
			buildActionMask = 2147483647;
			files = (
				565975C525567ECB0043C007 /* test.json in Resources */,
				565975C9255680130043C007 /* working.json in Resources */,
				563998C62BC9894D0086CEE5 /* hydrogen.json in Resources */,
			);
			runOnlyForDeploymentPostprocessing = 0;
		};
/* End PBXResourcesBuildPhase section */

/* Begin PBXShellScriptBuildPhase section */
		56B532B5267B3AB5003812B3 /* ShellScript */ = {
			isa = PBXShellScriptBuildPhase;
			alwaysOutOfDate = 1;
			buildActionMask = 2147483647;
			files = (
			);
			inputFileListPaths = (
			);
			inputPaths = (
			);
			outputFileListPaths = (
			);
			outputPaths = (
			);
			runOnlyForDeploymentPostprocessing = 0;
			shellPath = /bin/sh;
			shellScript = "# Adds support for Apple Silicon brew directory\nexport PATH=\"$PATH:/opt/homebrew/bin\"\n\nif which swiftlint >/dev/null; then\n  swiftlint\nelse\n  echo \"warning: SwiftLint not installed, download from https://github.com/realm/SwiftLint\"\nfi\n";
		};
/* End PBXShellScriptBuildPhase section */

/* Begin PBXSourcesBuildPhase section */
		56557EDC23C8B09A008CF684 /* Sources */ = {
			isa = PBXSourcesBuildPhase;
			buildActionMask = 2147483647;
			files = (
				56F23EE02E0E567200B3052B /* StorageRow.swift in Sources */,
				56B55E412E15D892006578DF /* _XMLDecoder+SingleValueDecodingContainer.swift in Sources */,
				56E0AD8126ADA4360090ACB6 /* UIViewController+Child.swift in Sources */,
				56F23EE72E0E595200B3052B /* TableRow.swift in Sources */,
				567AF08D2E7329E500BEFF8B /* AppIcon.swift in Sources */,
				569F2CA826AC34D7001122F2 /* NXUsersManager.swift in Sources */,
				56FE82DB2D6362DC001E2294 /* NewUserDataSource.swift in Sources */,
				56F23EDE2E0E561800B3052B /* MemoryRow.swift in Sources */,
				5601D7AF25E0E8D100993D31 /* MainCoordinator.swift in Sources */,
				569F2C7826AAF61A001122F2 /* XMLEncoder.swift in Sources */,
				569F2C7626AAF61A001122F2 /* XMLReferencingEncoder.swift in Sources */,
				560938712D63269200DEAF40 /* TextFieldDelegate.swift in Sources */,
				567D82652BB1305D007BF135 /* SelectionViewController.swift in Sources */,
				569F2C7726AAF61A001122F2 /* EncodingErrorExtension.swift in Sources */,
				5601D7D125E10A8700993D31 /* AddServerCoordinator.swift in Sources */,
				565CDC0825E612C900028EA9 /* InfoCoordinator.swift in Sources */,
				569F2C7F26AAF61A001122F2 /* ISO8601DateFormatter.swift in Sources */,
				56F23EDA2E0E558D00B3052B /* TitledSection.swift in Sources */,
				561B989225A85C2D00A8FE6D /* ServerStats.swift in Sources */,
				560AC3EE2E51177B00FFE3B5 /* SFSymbol.swift in Sources */,
				569F2C7D26AAF61A001122F2 /* XMLDecodingStorage.swift in Sources */,
				56C1840C26C1A9A100992B35 /* NXServerManagerDelegate.swift in Sources */,
				5647A6462BA4CD4B000D51F7 /* NewUserViewController.swift in Sources */,
				5647A6482BA4D8EF000D51F7 /* String+Extensions.swift in Sources */,
				56F7F8F424D78C9E00C667E4 /* NextServer.swift in Sources */,
				569F2C7526AAF61A001122F2 /* XMLStackParser.swift in Sources */,
				567D82562BA7A710007BF135 /* NewUserCoordinator.swift in Sources */,
				56F23EEC2E0E686100B3052B /* BaseDataSource.swift in Sources */,
				563D542E2D0FAAEF00382FF8 /* URL+AppendingPathComponentSafely.swift in Sources */,
				5601D80225E31AA000993D31 /* WKWebView+Cookies.swift in Sources */,
				56E86F192D6BE8CE0067D245 /* SelectionType.swift in Sources */,
				569F2C7B26AAF61A001122F2 /* XMLUnkeyedDecodingContainer.swift in Sources */,
				569F2C9D26AB22B0001122F2 /* UsersViewController.swift in Sources */,
				569EBB0F2ADBC15900BE5985 /* UserCell.swift in Sources */,
				56C31270269109CB0077B40D /* String+Keys.swift in Sources */,
				56EFB6CE2BF5DEEF004F6A53 /* WipeObject.swift in Sources */,
				56557EE823C8B09A008CF684 /* AddServerViewController.swift in Sources */,
				56320CD326A838C10099C7EA /* MenuBuilder.swift in Sources */,
				5695048426A0DD1100FB2F78 /* UIToolbar+ConfigureAppearance.swift in Sources */,
				56B597AA2CEDE2D10060B42B /* StatsViewController+ErrorHandling.swift in Sources */,
				562ED27A26B5D8E800E4E1C5 /* UserDetailsViewController.swift in Sources */,
				56F23EDC2E0E55A300B3052B /* SystemRow.swift in Sources */,
				569F2C8026AAF61A001122F2 /* XMLKey.swift in Sources */,
				56E0AD8626ADC0180090ACB6 /* NoServersViewController.swift in Sources */,
				56F23EE52E0E594400B3052B /* TableSection.swift in Sources */,
				560547D72E3938E600B8649C /* SystemVersion.swift in Sources */,
				5601D7FC25E31A5500993D31 /* UIActivityIndicatorView+Activate-Deactivate.swift in Sources */,
				562C25A22CB9F6C0001BF067 /* NextcloudService.swift in Sources */,
				56A3188F2772804B00EAF1F2 /* NXStatsManager.swift in Sources */,
				56D558012D46C2EB0027A1FB /* DataManagerDelegate.swift in Sources */,
				56AAA3DA2D5E18FE009DC223 /* UIView+BlurView.swift in Sources */,
				5601D7B325E0E8DB00993D31 /* Coordinator.swift in Sources */,
				564EAE092558CEA80090AFBB /* InfoViewController.swift in Sources */,
				569F2C7926AAF61A001122F2 /* XMLEncodingStorage.swift in Sources */,
				56F90C1427AD107F00C39C69 /* StatsViewController+MenuActions.swift in Sources */,
				56557EE423C8B09A008CF684 /* AppDelegate.swift in Sources */,
				56B17E1123D681A9007C33B2 /* ServerCell.swift in Sources */,
				56A56EC42563C5A3005A6D18 /* InfoDataManager.swift in Sources */,
				5646D68923CE0F750047876A /* ServerViewController.swift in Sources */,
				56FE82DE2D63653A001E2294 /* LoginItem.swift in Sources */,
				569F2C7E26AAF61A001122F2 /* XMLDecoder.swift in Sources */,
				561B989825A85C9E00A8FE6D /* AuthenticationObject.swift in Sources */,
				5652A2F7276489AE0050F5EB /* NXAuthenticator.swift in Sources */,
				564E5D412E02C11E007F9747 /* ErrorPresentor.swift in Sources */,
				56F23FA92E11203600B3052B /* GenericCell.swift in Sources */,
				56B1413F267E7236002D66D8 /* Endpoint.swift in Sources */,
				56F23EEE2E0E694200B3052B /* BaseTableViewController.swift in Sources */,
				5609385D2D5F816000DEAF40 /* StatsSection.swift in Sources */,
				56DBC1372932EFC1002A306B /* NXAuthenticationDelegate.swift in Sources */,
				562ED27C26B5E9B100E4E1C5 /* User.swift in Sources */,
				56E0AD8426ADABA90090ACB6 /* SelectServerViewController.swift in Sources */,
				562043CE27A5E659002D45E1 /* NSMutableAttributedString+SFSymbols.swift in Sources */,
				569F2CA626AC2EB5001122F2 /* Users.swift in Sources */,
				56F1C6812D53606300EA03BD /* BaseViewController.swift in Sources */,
				56FE82E02D637D27001E2294 /* ServerDataSource.swift in Sources */,
				569EBB0D2ADBBCDA00BE5985 /* UserCellModel.swift in Sources */,
				569F2C7C26AAF61A001122F2 /* XMLKeyedDecodingContainer.swift in Sources */,
				5647A6442BA4023A000D51F7 /* Groups.swift in Sources */,
				5689895223D4CFC300D13B12 /* KeychainItemAccessibility.swift in Sources */,
				56B55E3F2E15D814006578DF /* _XMLDecoder.swift in Sources */,
				5689895023D4CF9F00D13B12 /* KeychainWrapper.swift in Sources */,
				5650A6F3267C03E4008A1BDB /* NXDataManagerDelegate.swift in Sources */,
				56557F0023CA89B9008CF684 /* StatsViewController.swift in Sources */,
				56C632E62BB8D1F6007B2032 /* UsersManagerDelegate.swift in Sources */,
				565130D9268BD7D3008FE8D4 /* Units.swift in Sources */,
				56C959702655E42F00BD3B06 /* InputCell.swift in Sources */,
				56BB28E626A79A0A00F0D8DC /* ToolbarDelegate.swift in Sources */,
				56E0AD7F26ADA20C0090ACB6 /* LoadingViewController.swift in Sources */,
				56E6834326B245AF00C1E17C /* NextStats Products.swift in Sources */,
				565EFE692BB6175C00100D94 /* NXUserFactoryDelegate.swift in Sources */,
				567D82692BB1B2A4007BF135 /* QuotaType.swift in Sources */,
				56D557FF2D46C28F0027A1FB /* BaseDataManager.swift in Sources */,
				56D3442C2CEC61B200A5933B /* GenericResponse.swift in Sources */,
				569EC31F25B4F7F600B955EC /* InfoHeaderView.swift in Sources */,
				5647A6412BA3FE77000D51F7 /* NewUser.swift in Sources */,
				56D3442E2CEC8C2900A5933B /* ToggleType.swift in Sources */,
				569F2CA126AB2358001122F2 /* UsersCoordinator.swift in Sources */,
				56AAA3D32D5B4D48009DC223 /* InfoSection.swift in Sources */,
				56FE82E22D65D5CA001E2294 /* UsersDataSource.swift in Sources */,
				565EFE712BB7366700100D94 /* MainCoordinator+NXServerManagerDelegate.swift in Sources */,
				560938762D63271400DEAF40 /* AuthenticationDataSource.swift in Sources */,
				565EFE672BB6007500100D94 /* NewUserStatusCode.swift in Sources */,
				56F7A19E26A98857004B0C5F /* ServerHeaderView.swift in Sources */,
				56BCF6B42487CA8D0048B991 /* NXServerManager.swift in Sources */,
				5671B6932B639D950026E4A0 /* ProgressCell.swift in Sources */,
				566353712E6CA45400918EDA /* UINavigationBar+ApplyTheme.swift in Sources */,
				56AAA3DC2D5E19AA009DC223 /* BaseTableViewCell.swift in Sources */,
				5601D80625E31C4900993D31 /* String+Localized.swift in Sources */,
				56E6834126B245A800C1E17C /* IAP Helper.swift in Sources */,
				56F23EE92E0E595F00B3052B /* ProgressCellData.swift in Sources */,
				5698BF082E09DA110029DDC5 /* StatisticsDataSource.swift in Sources */,
				56C781A62AD7DF2200872988 /* TextFieldFactory.swift in Sources */,
				569F2C7A26AAF61A001122F2 /* DecodingErrorExtension.swift in Sources */,
				5601D7F625E3199400993D31 /* UIApplication+AppVersion.swift in Sources */,
				56F23EE22E0E56AD00B3052B /* ActivityRow.swift in Sources */,
				567D82672BB14500007BF135 /* NewUserCoordinator+SelectionViewDelegate.swift in Sources */,
				5634EC3B2B6C4D8D00468AC0 /* NXUserFormatter.swift in Sources */,
				56B55E482E15DABB006578DF /* String+Escape.swift in Sources */,
				56AAA3D52D5B579F009DC223 /* UserSection.swift in Sources */,
				56AAA3D82D5B78C8009DC223 /* NewUserSection.swift in Sources */,
				56C781A82AD8957200872988 /* AddServerHeaderView.swift in Sources */,
				56557EE623C8B09A008CF684 /* SceneDelegate.swift in Sources */,
				567BF629258ACD60000E64D9 /* WebViewController.swift in Sources */,
				567D82612BAA18C4007BF135 /* NXUserFactory.swift in Sources */,
				5652A2F527647FE90050F5EB /* LoginObject.swift in Sources */,
				562C25902CB9F631001BF067 /* ServiceMethod.swift in Sources */,
				562C25912CB9F631001BF067 /* HeaderKeyValue.swift in Sources */,
				562C25922CB9F631001BF067 /* APIManagerError.swift in Sources */,
				566353732E6CAA4500918EDA /* LoadingBarButtonItem.swift in Sources */,
				56B597A62CEDE0000060B42B /* UsersCoordinator+ErrorHandling.swift in Sources */,
				562C25942CB9F631001BF067 /* URLRequest+Headers.swift in Sources */,
				562C25952CB9F631001BF067 /* Managable.swift in Sources */,
				562C25962CB9F631001BF067 /* APIManager.swift in Sources */,
			);
			runOnlyForDeploymentPostprocessing = 0;
		};
		565975B425567DF70043C007 /* Sources */ = {
			isa = PBXSourcesBuildPhase;
			buildActionMask = 2147483647;
			files = (
				565975BB25567DF70043C007 /* NextStatsTests.swift in Sources */,
				562C25982CB9F631001BF067 /* ServiceMethod.swift in Sources */,
				562C25992CB9F631001BF067 /* HeaderKeyValue.swift in Sources */,
				562C259A2CB9F631001BF067 /* APIManagerError.swift in Sources */,
				562C259C2CB9F631001BF067 /* URLRequest+Headers.swift in Sources */,
				562C259D2CB9F631001BF067 /* Managable.swift in Sources */,
				562C259E2CB9F631001BF067 /* APIManager.swift in Sources */,
			);
			runOnlyForDeploymentPostprocessing = 0;
		};
/* End PBXSourcesBuildPhase section */

/* Begin PBXTargetDependency section */
		565975BE25567DF70043C007 /* PBXTargetDependency */ = {
			isa = PBXTargetDependency;
			target = 56557EDF23C8B09A008CF684 /* NextStats */;
			targetProxy = 565975BD25567DF70043C007 /* PBXContainerItemProxy */;
		};
/* End PBXTargetDependency section */

/* Begin PBXVariantGroup section */
		56557EEE23C8B09C008CF684 /* LaunchScreen.storyboard */ = {
			isa = PBXVariantGroup;
			children = (
				56557EEF23C8B09C008CF684 /* Base */,
			);
			name = LaunchScreen.storyboard;
			sourceTree = "<group>";
		};
		567BF639258ADE5D000E64D9 /* Localizable.strings */ = {
			isa = PBXVariantGroup;
			children = (
				567BF638258ADE5D000E64D9 /* de */,
				567BF63C258ADE74000E64D9 /* en */,
				3B5D893F25BB3385003CB80E /* fr */,
				5610C2C2268F0E00003F2335 /* tr */,
			);
			name = Localizable.strings;
			sourceTree = "<group>";
		};
/* End PBXVariantGroup section */

/* Begin XCBuildConfiguration section */
		56557EF223C8B09C008CF684 /* Debug */ = {
			isa = XCBuildConfiguration;
			buildSettings = {
				ALWAYS_SEARCH_USER_PATHS = NO;
				ASSETCATALOG_COMPILER_GENERATE_SWIFT_ASSET_SYMBOL_EXTENSIONS = YES;
				CLANG_ANALYZER_LOCALIZABILITY_NONLOCALIZED = YES;
				CLANG_ANALYZER_NONNULL = YES;
				CLANG_ANALYZER_NUMBER_OBJECT_CONVERSION = YES_AGGRESSIVE;
				CLANG_CXX_LANGUAGE_STANDARD = "gnu++14";
				CLANG_CXX_LIBRARY = "libc++";
				CLANG_ENABLE_MODULES = YES;
				CLANG_ENABLE_OBJC_ARC = YES;
				CLANG_ENABLE_OBJC_WEAK = YES;
				CLANG_WARN_BLOCK_CAPTURE_AUTORELEASING = YES;
				CLANG_WARN_BOOL_CONVERSION = YES;
				CLANG_WARN_COMMA = YES;
				CLANG_WARN_CONSTANT_CONVERSION = YES;
				CLANG_WARN_DEPRECATED_OBJC_IMPLEMENTATIONS = YES;
				CLANG_WARN_DIRECT_OBJC_ISA_USAGE = YES_ERROR;
				CLANG_WARN_DOCUMENTATION_COMMENTS = YES;
				CLANG_WARN_EMPTY_BODY = YES;
				CLANG_WARN_ENUM_CONVERSION = YES;
				CLANG_WARN_INFINITE_RECURSION = YES;
				CLANG_WARN_INT_CONVERSION = YES;
				CLANG_WARN_NON_LITERAL_NULL_CONVERSION = YES;
				CLANG_WARN_OBJC_IMPLICIT_RETAIN_SELF = YES;
				CLANG_WARN_OBJC_LITERAL_CONVERSION = YES;
				CLANG_WARN_OBJC_ROOT_CLASS = YES_ERROR;
				CLANG_WARN_QUOTED_INCLUDE_IN_FRAMEWORK_HEADER = YES;
				CLANG_WARN_RANGE_LOOP_ANALYSIS = YES;
				CLANG_WARN_STRICT_PROTOTYPES = YES;
				CLANG_WARN_SUSPICIOUS_MOVE = YES;
				CLANG_WARN_UNGUARDED_AVAILABILITY = YES_AGGRESSIVE;
				CLANG_WARN_UNREACHABLE_CODE = YES;
				CLANG_WARN__DUPLICATE_METHOD_MATCH = YES;
				COPY_PHASE_STRIP = NO;
				DEBUG_INFORMATION_FORMAT = dwarf;
				ENABLE_STRICT_OBJC_MSGSEND = YES;
				ENABLE_TESTABILITY = YES;
				ENABLE_USER_SCRIPT_SANDBOXING = NO;
				GCC_C_LANGUAGE_STANDARD = gnu11;
				GCC_DYNAMIC_NO_PIC = NO;
				GCC_NO_COMMON_BLOCKS = YES;
				GCC_OPTIMIZATION_LEVEL = 0;
				GCC_PREPROCESSOR_DEFINITIONS = (
					"DEBUG=1",
					"$(inherited)",
				);
				GCC_WARN_64_TO_32_BIT_CONVERSION = YES;
				GCC_WARN_ABOUT_RETURN_TYPE = YES_ERROR;
				GCC_WARN_UNDECLARED_SELECTOR = YES;
				GCC_WARN_UNINITIALIZED_AUTOS = YES_AGGRESSIVE;
				GCC_WARN_UNUSED_FUNCTION = YES;
				GCC_WARN_UNUSED_VARIABLE = YES;
				IPHONEOS_DEPLOYMENT_TARGET = 15.0;
				MTL_ENABLE_DEBUG_INFO = INCLUDE_SOURCE;
				MTL_FAST_MATH = YES;
				ONLY_ACTIVE_ARCH = YES;
				SDKROOT = iphoneos;
				SWIFT_ACTIVE_COMPILATION_CONDITIONS = DEBUG;
				SWIFT_OPTIMIZATION_LEVEL = "-Onone";
			};
			name = Debug;
		};
		56557EF323C8B09C008CF684 /* Release */ = {
			isa = XCBuildConfiguration;
			buildSettings = {
				ALWAYS_SEARCH_USER_PATHS = NO;
				ASSETCATALOG_COMPILER_GENERATE_SWIFT_ASSET_SYMBOL_EXTENSIONS = YES;
				CLANG_ANALYZER_LOCALIZABILITY_NONLOCALIZED = YES;
				CLANG_ANALYZER_NONNULL = YES;
				CLANG_ANALYZER_NUMBER_OBJECT_CONVERSION = YES_AGGRESSIVE;
				CLANG_CXX_LANGUAGE_STANDARD = "gnu++14";
				CLANG_CXX_LIBRARY = "libc++";
				CLANG_ENABLE_MODULES = YES;
				CLANG_ENABLE_OBJC_ARC = YES;
				CLANG_ENABLE_OBJC_WEAK = YES;
				CLANG_WARN_BLOCK_CAPTURE_AUTORELEASING = YES;
				CLANG_WARN_BOOL_CONVERSION = YES;
				CLANG_WARN_COMMA = YES;
				CLANG_WARN_CONSTANT_CONVERSION = YES;
				CLANG_WARN_DEPRECATED_OBJC_IMPLEMENTATIONS = YES;
				CLANG_WARN_DIRECT_OBJC_ISA_USAGE = YES_ERROR;
				CLANG_WARN_DOCUMENTATION_COMMENTS = YES;
				CLANG_WARN_EMPTY_BODY = YES;
				CLANG_WARN_ENUM_CONVERSION = YES;
				CLANG_WARN_INFINITE_RECURSION = YES;
				CLANG_WARN_INT_CONVERSION = YES;
				CLANG_WARN_NON_LITERAL_NULL_CONVERSION = YES;
				CLANG_WARN_OBJC_IMPLICIT_RETAIN_SELF = YES;
				CLANG_WARN_OBJC_LITERAL_CONVERSION = YES;
				CLANG_WARN_OBJC_ROOT_CLASS = YES_ERROR;
				CLANG_WARN_QUOTED_INCLUDE_IN_FRAMEWORK_HEADER = YES;
				CLANG_WARN_RANGE_LOOP_ANALYSIS = YES;
				CLANG_WARN_STRICT_PROTOTYPES = YES;
				CLANG_WARN_SUSPICIOUS_MOVE = YES;
				CLANG_WARN_UNGUARDED_AVAILABILITY = YES_AGGRESSIVE;
				CLANG_WARN_UNREACHABLE_CODE = YES;
				CLANG_WARN__DUPLICATE_METHOD_MATCH = YES;
				COPY_PHASE_STRIP = NO;
				DEBUG_INFORMATION_FORMAT = "dwarf-with-dsym";
				ENABLE_NS_ASSERTIONS = NO;
				ENABLE_STRICT_OBJC_MSGSEND = YES;
				ENABLE_USER_SCRIPT_SANDBOXING = NO;
				GCC_C_LANGUAGE_STANDARD = gnu11;
				GCC_NO_COMMON_BLOCKS = YES;
				GCC_WARN_64_TO_32_BIT_CONVERSION = YES;
				GCC_WARN_ABOUT_RETURN_TYPE = YES_ERROR;
				GCC_WARN_UNDECLARED_SELECTOR = YES;
				GCC_WARN_UNINITIALIZED_AUTOS = YES_AGGRESSIVE;
				GCC_WARN_UNUSED_FUNCTION = YES;
				GCC_WARN_UNUSED_VARIABLE = YES;
				IPHONEOS_DEPLOYMENT_TARGET = 15.0;
				MTL_ENABLE_DEBUG_INFO = NO;
				MTL_FAST_MATH = YES;
				SDKROOT = iphoneos;
				SWIFT_COMPILATION_MODE = wholemodule;
				SWIFT_OPTIMIZATION_LEVEL = "-O";
				VALIDATE_PRODUCT = YES;
			};
			name = Release;
		};
		56557EF523C8B09C008CF684 /* Debug */ = {
			isa = XCBuildConfiguration;
			buildSettings = {
				ASSETCATALOG_COMPILER_ALTERNATE_APPICON_NAMES = "AppIcon-Light";
				ASSETCATALOG_COMPILER_APPICON_NAME = AppIcon;
				ASSETCATALOG_COMPILER_INCLUDE_ALL_APPICON_ASSETS = YES;
				CODE_SIGN_ENTITLEMENTS = NextStats/NextStats.entitlements;
				CODE_SIGN_IDENTITY = "Apple Development";
				CODE_SIGN_STYLE = Automatic;
				CURRENT_PROJECT_VERSION = 3.2.0.1;
				DEVELOPMENT_TEAM = 2445G329LF;
				INFOPLIST_FILE = NextStats/Info.plist;
				INFOPLIST_KEY_CFBundleDisplayName = "NextStats - A Nextcloud monitor and utility";
				INFOPLIST_KEY_LSApplicationCategoryType = "public.app-category.utilities";
				IPHONEOS_DEPLOYMENT_TARGET = 15.0;
				LD_RUNPATH_SEARCH_PATHS = (
					"$(inherited)",
					"@executable_path/Frameworks",
				);
				MARKETING_VERSION = 3.2;
				PRODUCT_BUNDLE_IDENTIFIER = com.jonalaniz.NextStats;
				PRODUCT_NAME = "$(TARGET_NAME)";
				PROVISIONING_PROFILE_SPECIFIER = "";
				SUPPORTED_PLATFORMS = "iphoneos iphonesimulator";
				SUPPORTS_MACCATALYST = YES;
				SUPPORTS_MAC_DESIGNED_FOR_IPHONE_IPAD = NO;
				SWIFT_VERSION = 5.0;
				TARGETED_DEVICE_FAMILY = "1,2";
			};
			name = Debug;
		};
		56557EF623C8B09C008CF684 /* Release */ = {
			isa = XCBuildConfiguration;
			buildSettings = {
				ASSETCATALOG_COMPILER_ALTERNATE_APPICON_NAMES = "AppIcon-Light";
				ASSETCATALOG_COMPILER_APPICON_NAME = AppIcon;
				ASSETCATALOG_COMPILER_INCLUDE_ALL_APPICON_ASSETS = YES;
				CODE_SIGN_ENTITLEMENTS = NextStats/NextStats.entitlements;
				CODE_SIGN_IDENTITY = "Apple Development";
				CODE_SIGN_STYLE = Automatic;
				CURRENT_PROJECT_VERSION = 3.2.0.1;
				DEVELOPMENT_TEAM = 2445G329LF;
				INFOPLIST_FILE = NextStats/Info.plist;
				INFOPLIST_KEY_CFBundleDisplayName = "NextStats - A Nextcloud monitor and utility";
				INFOPLIST_KEY_LSApplicationCategoryType = "public.app-category.utilities";
				IPHONEOS_DEPLOYMENT_TARGET = 15.0;
				LD_RUNPATH_SEARCH_PATHS = (
					"$(inherited)",
					"@executable_path/Frameworks",
				);
				MARKETING_VERSION = 3.2;
				PRODUCT_BUNDLE_IDENTIFIER = com.jonalaniz.NextStats;
				PRODUCT_NAME = "$(TARGET_NAME)";
				PROVISIONING_PROFILE_SPECIFIER = "";
				SUPPORTED_PLATFORMS = "iphoneos iphonesimulator";
				SUPPORTS_MACCATALYST = YES;
				SUPPORTS_MAC_DESIGNED_FOR_IPHONE_IPAD = NO;
				SWIFT_VERSION = 5.0;
				TARGETED_DEVICE_FAMILY = "1,2";
			};
			name = Release;
		};
		565975BF25567DF70043C007 /* Debug */ = {
			isa = XCBuildConfiguration;
			buildSettings = {
				BUNDLE_LOADER = "$(TEST_HOST)";
				CLANG_WARN_QUOTED_INCLUDE_IN_FRAMEWORK_HEADER = YES;
				CODE_SIGN_STYLE = Automatic;
				DEVELOPMENT_TEAM = 2445G329LF;
				INFOPLIST_FILE = NextStatsTests/Info.plist;
				IPHONEOS_DEPLOYMENT_TARGET = 15;
				LD_RUNPATH_SEARCH_PATHS = (
					"$(inherited)",
					"@executable_path/Frameworks",
					"@loader_path/Frameworks",
				);
				PRODUCT_BUNDLE_IDENTIFIER = com.jonalaniz.NextStatsTests;
				PRODUCT_NAME = "$(TARGET_NAME)";
				SWIFT_VERSION = 5.0;
				TARGETED_DEVICE_FAMILY = "1,2";
				TEST_HOST = "$(BUILT_PRODUCTS_DIR)/NextStats.app/NextStats";
			};
			name = Debug;
		};
		565975C025567DF70043C007 /* Release */ = {
			isa = XCBuildConfiguration;
			buildSettings = {
				BUNDLE_LOADER = "$(TEST_HOST)";
				CLANG_WARN_QUOTED_INCLUDE_IN_FRAMEWORK_HEADER = YES;
				CODE_SIGN_STYLE = Automatic;
				DEVELOPMENT_TEAM = 2445G329LF;
				INFOPLIST_FILE = NextStatsTests/Info.plist;
				IPHONEOS_DEPLOYMENT_TARGET = 15;
				LD_RUNPATH_SEARCH_PATHS = (
					"$(inherited)",
					"@executable_path/Frameworks",
					"@loader_path/Frameworks",
				);
				PRODUCT_BUNDLE_IDENTIFIER = com.jonalaniz.NextStatsTests;
				PRODUCT_NAME = "$(TARGET_NAME)";
				SWIFT_VERSION = 5.0;
				TARGETED_DEVICE_FAMILY = "1,2";
				TEST_HOST = "$(BUILT_PRODUCTS_DIR)/NextStats.app/NextStats";
			};
			name = Release;
		};
/* End XCBuildConfiguration section */

/* Begin XCConfigurationList section */
		56557EDB23C8B09A008CF684 /* Build configuration list for PBXProject "NextStats" */ = {
			isa = XCConfigurationList;
			buildConfigurations = (
				56557EF223C8B09C008CF684 /* Debug */,
				56557EF323C8B09C008CF684 /* Release */,
			);
			defaultConfigurationIsVisible = 0;
			defaultConfigurationName = Release;
		};
		56557EF423C8B09C008CF684 /* Build configuration list for PBXNativeTarget "NextStats" */ = {
			isa = XCConfigurationList;
			buildConfigurations = (
				56557EF523C8B09C008CF684 /* Debug */,
				56557EF623C8B09C008CF684 /* Release */,
			);
			defaultConfigurationIsVisible = 0;
			defaultConfigurationName = Release;
		};
		565975C125567DF70043C007 /* Build configuration list for PBXNativeTarget "NextStatsTests" */ = {
			isa = XCConfigurationList;
			buildConfigurations = (
				565975BF25567DF70043C007 /* Debug */,
				565975C025567DF70043C007 /* Release */,
			);
			defaultConfigurationIsVisible = 0;
			defaultConfigurationName = Release;
		};
/* End XCConfigurationList section */
	};
	rootObject = 56557ED823C8B09A008CF684 /* Project object */;
}
